
Microsoft Visual Studio Solution File, Format Version 12.00
# Visual Studio Version 16
VisualStudioVersion = 16.0.28803.156
MinimumVisualStudioVersion = 10.0.40219.1
Project("{FAE04EC0-301F-11D3-BF4B-00C04F79EFBC}") = "Server", "Server\Server.csproj", "{C9D1A3A7-C45B-4DF1-B908-420945E80507}"
EndProject
Project("{FAE04EC0-301F-11D3-BF4B-00C04F79EFBC}") = "Client.WinForm", "Client.WinForm\Client.WinForm.csproj", "{FC7EC53A-359D-4E9B-B1F7-023FE19EBAB7}"
EndProject
Global
	GlobalSection(SolutionConfigurationPlatforms) = preSolution
		Debug|Any CPU = Debug|Any CPU
		Release|Any CPU = Release|Any CPU
	EndGlobalSection
	GlobalSection(ProjectConfigurationPlatforms) = postSolution
		{C9D1A3A7-C45B-4DF1-B908-420945E80507}.Debug|Any CPU.ActiveCfg = Debug|Any CPU
		{C9D1A3A7-C45B-4DF1-B908-420945E80507}.Debug|Any CPU.Build.0 = Debug|Any CPU
		{C9D1A3A7-C45B-4DF1-B908-420945E80507}.Release|Any CPU.ActiveCfg = Release|Any CPU
		{C9D1A3A7-C45B-4DF1-B908-420945E80507}.Release|Any CPU.Build.0 = Release|Any CPU
		{FC7EC53A-359D-4E9B-B1F7-023FE19EBAB7}.Debug|Any CPU.ActiveCfg = Debug|Any CPU
		{FC7EC53A-359D-4E9B-B1F7-023FE19EBAB7}.Debug|Any CPU.Build.0 = Debug|Any CPU
		{FC7EC53A-359D-4E9B-B1F7-023FE19EBAB7}.Release|Any CPU.ActiveCfg = Release|Any CPU
		{FC7EC53A-359D-4E9B-B1F7-023FE19EBAB7}.Release|Any CPU.Build.0 = Release|Any CPU
	EndGlobalSection
	GlobalSection(SolutionProperties) = preSolution
		HideSolutionNode = FALSE
	EndGlobalSection
	GlobalSection(ExtensibilityGlobals) = postSolution
		SolutionGuid = {40C7F9C2-9662-41ED-A635-61F0B683E0EC}
	EndGlobalSection
EndGlobal
