
Microsoft Visual Studio Solution File, Format Version 12.00
# Visual Studio Version 16
VisualStudioVersion = 16.0.30503.244
MinimumVisualStudioVersion = 10.0.40219.1
Project("{FAE04EC0-301F-11D3-BF4B-00C04F79EFBC}") = "WebApiNetCore31", "WebApiNetCore31\WebApiNetCore31.csproj", "{7CBCB1D6-6FF5-44A0-A873-C0DCFD6630B8}"
EndProject
Global
	GlobalSection(SolutionConfigurationPlatforms) = preSolution
		Debug|Any CPU = Debug|Any CPU
		Release|Any CPU = Release|Any CPU
	EndGlobalSection
	GlobalSection(ProjectConfigurationPlatforms) = postSolution
		{7CBCB1D6-6FF5-44A0-A873-C0DCFD6630B8}.Debug|Any CPU.ActiveCfg = Debug|Any CPU
		{7CBCB1D6-6FF5-44A0-A873-C0DCFD6630B8}.Debug|Any CPU.Build.0 = Debug|Any CPU
		{7CBCB1D6-6FF5-44A0-A873-C0DCFD6630B8}.Release|Any CPU.ActiveCfg = Release|Any CPU
		{7CBCB1D6-6FF5-44A0-A873-C0DCFD6630B8}.Release|Any CPU.Build.0 = Release|Any CPU
	EndGlobalSection
	GlobalSection(SolutionProperties) = preSolution
		HideSolutionNode = FALSE
	EndGlobalSection
	GlobalSection(ExtensibilityGlobals) = postSolution
		SolutionGuid = {D1F4D562-D1B5-4DFA-A971-5E7A1FA0E73F}
	EndGlobalSection
EndGlobal
