
Microsoft Visual Studio Solution File, Format Version 12.00
# Visual Studio 15
VisualStudioVersion = 15.0.28307.271
MinimumVisualStudioVersion = 10.0.40219.1
Project("{FAE04EC0-301F-11D3-BF4B-00C04F79EFBC}") = "UnitTestProject1", "UnitTestProject1\UnitTestProject1.csproj", "{146A6288-D9CE-4B85-B016-E3ABC7179FB4}"
EndProject
Project("{FAE04EC0-301F-11D3-BF4B-00C04F79EFBC}") = "Simple.NugetV3", "Simple.NugetV3\Simple.NugetV3.csproj", "{499417A5-1B3B-4165-8E7B-6078C2517A44}"
EndProject
Global
	GlobalSection(SolutionConfigurationPlatforms) = preSolution
		Debug|Any CPU = Debug|Any CPU
		Release|Any CPU = Release|Any CPU
	EndGlobalSection
	GlobalSection(ProjectConfigurationPlatforms) = postSolution
		{146A6288-D9CE-4B85-B016-E3ABC7179FB4}.Debug|Any CPU.ActiveCfg = Debug|Any CPU
		{146A6288-D9CE-4B85-B016-E3ABC7179FB4}.Debug|Any CPU.Build.0 = Debug|Any CPU
		{146A6288-D9CE-4B85-B016-E3ABC7179FB4}.Release|Any CPU.ActiveCfg = Release|Any CPU
		{146A6288-D9CE-4B85-B016-E3ABC7179FB4}.Release|Any CPU.Build.0 = Release|Any CPU
		{499417A5-1B3B-4165-8E7B-6078C2517A44}.Debug|Any CPU.ActiveCfg = Debug|Any CPU
		{499417A5-1B3B-4165-8E7B-6078C2517A44}.Debug|Any CPU.Build.0 = Debug|Any CPU
		{499417A5-1B3B-4165-8E7B-6078C2517A44}.Release|Any CPU.ActiveCfg = Release|Any CPU
		{499417A5-1B3B-4165-8E7B-6078C2517A44}.Release|Any CPU.Build.0 = Release|Any CPU
	EndGlobalSection
	GlobalSection(SolutionProperties) = preSolution
		HideSolutionNode = FALSE
	EndGlobalSection
	GlobalSection(ExtensibilityGlobals) = postSolution
		SolutionGuid = {1B5CA697-85E0-41FD-B084-76EF0CBD8B35}
	EndGlobalSection
EndGlobal
