
Microsoft Visual Studio Solution File, Format Version 12.00
Project("{FAE04EC0-301F-11D3-BF4B-00C04F79EFBC}") = "Lab.ORM.DynamicField", "Lab.ORM.DynamicField\Lab.ORM.DynamicField.csproj", "{C1348BD0-4FCA-4DF6-9C94-B2543F4B6E88}"
EndProject
Project("{FAE04EC0-301F-11D3-BF4B-00C04F79EFBC}") = "Lab.ORM.DynamicField.UnitTest", "Lab.ORM.DynamicField.UnitTest\Lab.ORM.DynamicField.UnitTest.csproj", "{BC21E9D0-E865-499B-8395-4067E5E7DB09}"
EndProject
Project("{2150E333-8FDC-42A3-9474-1A3956D46DE8}") = "global", "global", "{B1431E24-8BEB-4481-9E42-8B66BBF99494}"
	ProjectSection(SolutionItems) = preProject
		docker-compose.yml = docker-compose.yml
	EndProjectSection
EndProject
Global
	GlobalSection(SolutionConfigurationPlatforms) = preSolution
		Debug|Any CPU = Debug|Any CPU
		Release|Any CPU = Release|Any CPU
	EndGlobalSection
	GlobalSection(ProjectConfigurationPlatforms) = postSolution
		{C1348BD0-4FCA-4DF6-9C94-B2543F4B6E88}.Debug|Any CPU.ActiveCfg = Debug|Any CPU
		{C1348BD0-4FCA-4DF6-9C94-B2543F4B6E88}.Debug|Any CPU.Build.0 = Debug|Any CPU
		{C1348BD0-4FCA-4DF6-9C94-B2543F4B6E88}.Release|Any CPU.ActiveCfg = Release|Any CPU
		{C1348BD0-4FCA-4DF6-9C94-B2543F4B6E88}.Release|Any CPU.Build.0 = Release|Any CPU
		{BC21E9D0-E865-499B-8395-4067E5E7DB09}.Debug|Any CPU.ActiveCfg = Debug|Any CPU
		{BC21E9D0-E865-499B-8395-4067E5E7DB09}.Debug|Any CPU.Build.0 = Debug|Any CPU
		{BC21E9D0-E865-499B-8395-4067E5E7DB09}.Release|Any CPU.ActiveCfg = Release|Any CPU
		{BC21E9D0-E865-499B-8395-4067E5E7DB09}.Release|Any CPU.Build.0 = Release|Any CPU
	EndGlobalSection
EndGlobal
