
Microsoft Visual Studio Solution File, Format Version 12.00
# Visual Studio Version 16
VisualStudioVersion = 16.0.29025.244
MinimumVisualStudioVersion = 10.0.40219.1
Project("{FAE04EC0-301F-11D3-BF4B-00C04F79EFBC}") = "ConsoleApp1", "ConsoleApp1\ConsoleApp1.csproj", "{F8A8275E-018F-43F7-ADC5-7A918CCC8E19}"
EndProject
Global
	GlobalSection(SolutionConfigurationPlatforms) = preSolution
		Debug|Any CPU = Debug|Any CPU
		Release|Any CPU = Release|Any CPU
	EndGlobalSection
	GlobalSection(ProjectConfigurationPlatforms) = postSolution
		{F8A8275E-018F-43F7-ADC5-7A918CCC8E19}.Debug|Any CPU.ActiveCfg = Debug|Any CPU
		{F8A8275E-018F-43F7-ADC5-7A918CCC8E19}.Debug|Any CPU.Build.0 = Debug|Any CPU
		{F8A8275E-018F-43F7-ADC5-7A918CCC8E19}.Release|Any CPU.ActiveCfg = Release|Any CPU
		{F8A8275E-018F-43F7-ADC5-7A918CCC8E19}.Release|Any CPU.Build.0 = Release|Any CPU
	EndGlobalSection
	GlobalSection(SolutionProperties) = preSolution
		HideSolutionNode = FALSE
	EndGlobalSection
	GlobalSection(ExtensibilityGlobals) = postSolution
		SolutionGuid = {0676F5CF-98B6-42A3-97DB-A11F4CF91C88}
	EndGlobalSection
EndGlobal
