
Microsoft Visual Studio Solution File, Format Version 12.00
# Visual Studio Version 16
VisualStudioVersion = 16.0.29025.244
MinimumVisualStudioVersion = 10.0.40219.1
Project("{FAE04EC0-301F-11D3-BF4B-00C04F79EFBC}") = "WindowsFormsApp1", "WindowsFormsApp1\WindowsFormsApp1.csproj", "{430116C3-0AF5-436C-9084-EF321808C8E7}"
EndProject
Global
	GlobalSection(SolutionConfigurationPlatforms) = preSolution
		Debug|Any CPU = Debug|Any CPU
		Release|Any CPU = Release|Any CPU
	EndGlobalSection
	GlobalSection(ProjectConfigurationPlatforms) = postSolution
		{430116C3-0AF5-436C-9084-EF321808C8E7}.Debug|Any CPU.ActiveCfg = Debug|Any CPU
		{430116C3-0AF5-436C-9084-EF321808C8E7}.Debug|Any CPU.Build.0 = Debug|Any CPU
		{430116C3-0AF5-436C-9084-EF321808C8E7}.Release|Any CPU.ActiveCfg = Release|Any CPU
		{430116C3-0AF5-436C-9084-EF321808C8E7}.Release|Any CPU.Build.0 = Release|Any CPU
	EndGlobalSection
	GlobalSection(SolutionProperties) = preSolution
		HideSolutionNode = FALSE
	EndGlobalSection
	GlobalSection(ExtensibilityGlobals) = postSolution
		SolutionGuid = {250B1F13-C534-4317-AFB9-DBB6E1ED9CB1}
	EndGlobalSection
EndGlobal
