
Microsoft Visual Studio Solution File, Format Version 12.00
Project("{FAE04EC0-301F-11D3-BF4B-00C04F79EFBC}") = "Server", "Server\Server.csproj", "{DAE7F74D-E847-4B2F-8930-59AF2698FD1D}"
EndProject
Project("{FAE04EC0-301F-11D3-BF4B-00C04F79EFBC}") = "Client", "Client\Client.csproj", "{6ADCD6A4-6733-46CF-8935-C2D77FC7FC79}"
EndProject
Global
	GlobalSection(SolutionConfigurationPlatforms) = preSolution
		Debug|Any CPU = Debug|Any CPU
		Release|Any CPU = Release|Any CPU
	EndGlobalSection
	GlobalSection(ProjectConfigurationPlatforms) = postSolution
		{DAE7F74D-E847-4B2F-8930-59AF2698FD1D}.Debug|Any CPU.ActiveCfg = Debug|Any CPU
		{DAE7F74D-E847-4B2F-8930-59AF2698FD1D}.Debug|Any CPU.Build.0 = Debug|Any CPU
		{DAE7F74D-E847-4B2F-8930-59AF2698FD1D}.Release|Any CPU.ActiveCfg = Release|Any CPU
		{DAE7F74D-E847-4B2F-8930-59AF2698FD1D}.Release|Any CPU.Build.0 = Release|Any CPU
		{6ADCD6A4-6733-46CF-8935-C2D77FC7FC79}.Debug|Any CPU.ActiveCfg = Debug|Any CPU
		{6ADCD6A4-6733-46CF-8935-C2D77FC7FC79}.Debug|Any CPU.Build.0 = Debug|Any CPU
		{6ADCD6A4-6733-46CF-8935-C2D77FC7FC79}.Release|Any CPU.ActiveCfg = Release|Any CPU
		{6ADCD6A4-6733-46CF-8935-C2D77FC7FC79}.Release|Any CPU.Build.0 = Release|Any CPU
	EndGlobalSection
EndGlobal
