
Microsoft Visual Studio Solution File, Format Version 12.00
# Visual Studio Version 16
VisualStudioVersion = 16.0.29920.165
MinimumVisualStudioVersion = 10.0.40219.1
Project("{FAE04EC0-301F-11D3-BF4B-00C04F79EFBC}") = "Server", "Server\Server.csproj", "{992CDF2B-9E2A-4EFB-ABF5-AFBAB2F788DB}"
EndProject
Project("{FAE04EC0-301F-11D3-BF4B-00C04F79EFBC}") = "ClientForWinform", "ClientForWinform\ClientForWinform.csproj", "{4E073695-B9EE-4621-B287-BB55E353ACE3}"
EndProject
Global
	GlobalSection(SolutionConfigurationPlatforms) = preSolution
		Debug|Any CPU = Debug|Any CPU
		Release|Any CPU = Release|Any CPU
	EndGlobalSection
	GlobalSection(ProjectConfigurationPlatforms) = postSolution
		{992CDF2B-9E2A-4EFB-ABF5-AFBAB2F788DB}.Debug|Any CPU.ActiveCfg = Debug|Any CPU
		{992CDF2B-9E2A-4EFB-ABF5-AFBAB2F788DB}.Debug|Any CPU.Build.0 = Debug|Any CPU
		{992CDF2B-9E2A-4EFB-ABF5-AFBAB2F788DB}.Release|Any CPU.ActiveCfg = Release|Any CPU
		{992CDF2B-9E2A-4EFB-ABF5-AFBAB2F788DB}.Release|Any CPU.Build.0 = Release|Any CPU
		{4E073695-B9EE-4621-B287-BB55E353ACE3}.Debug|Any CPU.ActiveCfg = Debug|Any CPU
		{4E073695-B9EE-4621-B287-BB55E353ACE3}.Debug|Any CPU.Build.0 = Debug|Any CPU
		{4E073695-B9EE-4621-B287-BB55E353ACE3}.Release|Any CPU.ActiveCfg = Release|Any CPU
		{4E073695-B9EE-4621-B287-BB55E353ACE3}.Release|Any CPU.Build.0 = Release|Any CPU
	EndGlobalSection
	GlobalSection(SolutionProperties) = preSolution
		HideSolutionNode = FALSE
	EndGlobalSection
	GlobalSection(ExtensibilityGlobals) = postSolution
		SolutionGuid = {47D51379-AA95-4EBF-8252-56B61014CB61}
	EndGlobalSection
EndGlobal
