
Microsoft Visual Studio Solution File, Format Version 12.00
Project("{FAE04EC0-301F-11D3-BF4B-00C04F79EFBC}") = "Lab.HealthCheck.WebApi", "Lab.HealthCheck.WebApi\Lab.HealthCheck.WebApi.csproj", "{2DF0910D-04FC-4EF7-995C-3708D2BB5F4C}"
EndProject
Project("{2150E333-8FDC-42A3-9474-1A3956D46DE8}") = "global", "global", "{2695B84D-A033-4A82-853A-3A28997D52B9}"
	ProjectSection(SolutionItems) = preProject
		..\.gitignore = ..\.gitignore
	EndProjectSection
EndProject
Global
	GlobalSection(SolutionConfigurationPlatforms) = preSolution
		Debug|Any CPU = Debug|Any CPU
		Release|Any CPU = Release|Any CPU
	EndGlobalSection
	GlobalSection(ProjectConfigurationPlatforms) = postSolution
		{2DF0910D-04FC-4EF7-995C-3708D2BB5F4C}.Debug|Any CPU.ActiveCfg = Debug|Any CPU
		{2DF0910D-04FC-4EF7-995C-3708D2BB5F4C}.Debug|Any CPU.Build.0 = Debug|Any CPU
		{2DF0910D-04FC-4EF7-995C-3708D2BB5F4C}.Release|Any CPU.ActiveCfg = Release|Any CPU
		{2DF0910D-04FC-4EF7-995C-3708D2BB5F4C}.Release|Any CPU.Build.0 = Release|Any CPU
	EndGlobalSection
EndGlobal
