
Microsoft Visual Studio Solution File, Format Version 12.00
Project("{FAE04EC0-301F-11D3-BF4B-00C04F79EFBC}") = "ConsoleAppNet5", "ConsoleAppNet5\ConsoleAppNet5.csproj", "{1CE278B8-A6DB-422C-B3CD-151A1C5D3B4E}"
EndProject
Project("{FAE04EC0-301F-11D3-BF4B-00C04F79EFBC}") = "ConsoleAppNet48", "ConsoleAppNet48\ConsoleAppNet48.csproj", "{069BA841-E538-4E51-8D1D-F175107B1312}"
EndProject
Global
	GlobalSection(SolutionConfigurationPlatforms) = preSolution
		Debug|Any CPU = Debug|Any CPU
		Release|Any CPU = Release|Any CPU
	EndGlobalSection
	GlobalSection(ProjectConfigurationPlatforms) = postSolution
		{1CE278B8-A6DB-422C-B3CD-151A1C5D3B4E}.Debug|Any CPU.ActiveCfg = Debug|Any CPU
		{1CE278B8-A6DB-422C-B3CD-151A1C5D3B4E}.Debug|Any CPU.Build.0 = Debug|Any CPU
		{1CE278B8-A6DB-422C-B3CD-151A1C5D3B4E}.Release|Any CPU.ActiveCfg = Release|Any CPU
		{1CE278B8-A6DB-422C-B3CD-151A1C5D3B4E}.Release|Any CPU.Build.0 = Release|Any CPU
		{069BA841-E538-4E51-8D1D-F175107B1312}.Debug|Any CPU.ActiveCfg = Debug|Any CPU
		{069BA841-E538-4E51-8D1D-F175107B1312}.Debug|Any CPU.Build.0 = Debug|Any CPU
		{069BA841-E538-4E51-8D1D-F175107B1312}.Release|Any CPU.ActiveCfg = Release|Any CPU
		{069BA841-E538-4E51-8D1D-F175107B1312}.Release|Any CPU.Build.0 = Release|Any CPU
	EndGlobalSection
EndGlobal
