
Microsoft Visual Studio Solution File, Format Version 12.00
# Visual Studio 15
VisualStudioVersion = 15.0.28307.271
MinimumVisualStudioVersion = 10.0.40219.1
Project("{FAE04EC0-301F-11D3-BF4B-00C04F79EFBC}") = "Server", "Server\Server.csproj", "{A8171ECA-F74D-4416-B6B2-999269EFE9B0}"
EndProject
Global
	GlobalSection(SolutionConfigurationPlatforms) = preSolution
		Debug|Any CPU = Debug|Any CPU
		Release|Any CPU = Release|Any CPU
	EndGlobalSection
	GlobalSection(ProjectConfigurationPlatforms) = postSolution
		{A8171ECA-F74D-4416-B6B2-999269EFE9B0}.Debug|Any CPU.ActiveCfg = Debug|Any CPU
		{A8171ECA-F74D-4416-B6B2-999269EFE9B0}.Debug|Any CPU.Build.0 = Debug|Any CPU
		{A8171ECA-F74D-4416-B6B2-999269EFE9B0}.Release|Any CPU.ActiveCfg = Release|Any CPU
		{A8171ECA-F74D-4416-B6B2-999269EFE9B0}.Release|Any CPU.Build.0 = Release|Any CPU
	EndGlobalSection
	GlobalSection(SolutionProperties) = preSolution
		HideSolutionNode = FALSE
	EndGlobalSection
	GlobalSection(ExtensibilityGlobals) = postSolution
		SolutionGuid = {6177ADD7-DE6A-4C9A-9D73-26D836E37E7A}
	EndGlobalSection
EndGlobal
