
Microsoft Visual Studio Solution File, Format Version 12.00
Project("{FAE04EC0-301F-11D3-BF4B-00C04F79EFBC}") = "Lab.Environment.ConsoleApp.NET48", "Lab.Environment.ConsoleApp.NET48\Lab.Environment.ConsoleApp.NET48.csproj", "{BB8D3ED0-BF9F-4910-9231-717DD0577FB5}"
EndProject
Project("{FAE04EC0-301F-11D3-BF4B-00C04F79EFBC}") = "Lab.Environment.ConsoleApp.NET6", "Lab.Environment.ConsoleApp.NET6\Lab.Environment.ConsoleApp.NET6.csproj", "{5033EB4D-63B9-4F17-9FDD-1A81E174F3C9}"
EndProject
Project("{2150E333-8FDC-42A3-9474-1A3956D46DE8}") = "global", "global", "{6ACD7D50-37E9-4003-B8BE-17FC3724B567}"
	ProjectSection(SolutionItems) = preProject
		Taskfile.yml = Taskfile.yml
	EndProjectSection
EndProject
Global
	GlobalSection(SolutionConfigurationPlatforms) = preSolution
		Debug|Any CPU = Debug|Any CPU
		Release|Any CPU = Release|Any CPU
	EndGlobalSection
	GlobalSection(ProjectConfigurationPlatforms) = postSolution
		{BB8D3ED0-BF9F-4910-9231-717DD0577FB5}.Debug|Any CPU.ActiveCfg = Debug|Any CPU
		{BB8D3ED0-BF9F-4910-9231-717DD0577FB5}.Debug|Any CPU.Build.0 = Debug|Any CPU
		{BB8D3ED0-BF9F-4910-9231-717DD0577FB5}.Release|Any CPU.ActiveCfg = Release|Any CPU
		{BB8D3ED0-BF9F-4910-9231-717DD0577FB5}.Release|Any CPU.Build.0 = Release|Any CPU
		{5033EB4D-63B9-4F17-9FDD-1A81E174F3C9}.Debug|Any CPU.ActiveCfg = Debug|Any CPU
		{5033EB4D-63B9-4F17-9FDD-1A81E174F3C9}.Debug|Any CPU.Build.0 = Debug|Any CPU
		{5033EB4D-63B9-4F17-9FDD-1A81E174F3C9}.Release|Any CPU.ActiveCfg = Release|Any CPU
		{5033EB4D-63B9-4F17-9FDD-1A81E174F3C9}.Release|Any CPU.Build.0 = Release|Any CPU
	EndGlobalSection
EndGlobal
