
Microsoft Visual Studio Solution File, Format Version 12.00
# Visual Studio Version 16
VisualStudioVersion = 16.0.30114.105
MinimumVisualStudioVersion = 10.0.40219.1
Project("{FAE04EC0-301F-11D3-BF4B-00C04F79EFBC}") = "Net48", "Net48\Net48.csproj", "{F0DF5566-44D9-4BD6-853D-120F4E7C47EE}"
EndProject
Project("{9A19103F-16F7-4668-BE54-9A1E7A4F7556}") = "NetCore31", "NetCore31\NetCore31.csproj", "{FEE92A83-3C55-412A-BFD1-94F01148BD69}"
EndProject
Project("{FAE04EC0-301F-11D3-BF4B-00C04F79EFBC}") = "NetApp48", "NetApp48\NetApp48.csproj", "{1944C978-47C5-46C8-BA65-90CCB400A546}"
EndProject
Project("{FAE04EC0-301F-11D3-BF4B-00C04F79EFBC}") = "NetWpf48", "NetWpf48\NetWpf48.csproj", "{C0D9CDCF-CCEA-4530-9014-9642E694A4CF}"
EndProject
Global
	GlobalSection(SolutionConfigurationPlatforms) = preSolution
		Debug|Any CPU = Debug|Any CPU
		Release|Any CPU = Release|Any CPU
	EndGlobalSection
	GlobalSection(ProjectConfigurationPlatforms) = postSolution
		{F0DF5566-44D9-4BD6-853D-120F4E7C47EE}.Debug|Any CPU.ActiveCfg = Debug|Any CPU
		{F0DF5566-44D9-4BD6-853D-120F4E7C47EE}.Debug|Any CPU.Build.0 = Debug|Any CPU
		{F0DF5566-44D9-4BD6-853D-120F4E7C47EE}.Release|Any CPU.ActiveCfg = Release|Any CPU
		{F0DF5566-44D9-4BD6-853D-120F4E7C47EE}.Release|Any CPU.Build.0 = Release|Any CPU
		{FEE92A83-3C55-412A-BFD1-94F01148BD69}.Debug|Any CPU.ActiveCfg = Debug|Any CPU
		{FEE92A83-3C55-412A-BFD1-94F01148BD69}.Debug|Any CPU.Build.0 = Debug|Any CPU
		{FEE92A83-3C55-412A-BFD1-94F01148BD69}.Release|Any CPU.ActiveCfg = Release|Any CPU
		{FEE92A83-3C55-412A-BFD1-94F01148BD69}.Release|Any CPU.Build.0 = Release|Any CPU
		{1944C978-47C5-46C8-BA65-90CCB400A546}.Debug|Any CPU.ActiveCfg = Debug|Any CPU
		{1944C978-47C5-46C8-BA65-90CCB400A546}.Debug|Any CPU.Build.0 = Debug|Any CPU
		{1944C978-47C5-46C8-BA65-90CCB400A546}.Release|Any CPU.ActiveCfg = Release|Any CPU
		{1944C978-47C5-46C8-BA65-90CCB400A546}.Release|Any CPU.Build.0 = Release|Any CPU
		{C0D9CDCF-CCEA-4530-9014-9642E694A4CF}.Debug|Any CPU.ActiveCfg = Debug|Any CPU
		{C0D9CDCF-CCEA-4530-9014-9642E694A4CF}.Debug|Any CPU.Build.0 = Debug|Any CPU
		{C0D9CDCF-CCEA-4530-9014-9642E694A4CF}.Release|Any CPU.ActiveCfg = Release|Any CPU
		{C0D9CDCF-CCEA-4530-9014-9642E694A4CF}.Release|Any CPU.Build.0 = Release|Any CPU
	EndGlobalSection
	GlobalSection(SolutionProperties) = preSolution
		HideSolutionNode = FALSE
	EndGlobalSection
	GlobalSection(ExtensibilityGlobals) = postSolution
		SolutionGuid = {1410A039-678D-4353-AF90-B7E7D0818D9E}
	EndGlobalSection
EndGlobal
