
Microsoft Visual Studio Solution File, Format Version 12.00
# Visual Studio Version 16
VisualStudioVersion = 16.0.29920.165
MinimumVisualStudioVersion = 10.0.40219.1
Project("{FAE04EC0-301F-11D3-BF4B-00C04F79EFBC}") = "AspNetCore31.MVC", "AspNetCore31.MVC\AspNetCore31.MVC.csproj", "{C518135F-7284-479D-9084-142A451EFCDA}"
EndProject
Global
	GlobalSection(SolutionConfigurationPlatforms) = preSolution
		Debug|Any CPU = Debug|Any CPU
		Release|Any CPU = Release|Any CPU
	EndGlobalSection
	GlobalSection(ProjectConfigurationPlatforms) = postSolution
		{C518135F-7284-479D-9084-142A451EFCDA}.Debug|Any CPU.ActiveCfg = Debug|Any CPU
		{C518135F-7284-479D-9084-142A451EFCDA}.Debug|Any CPU.Build.0 = Debug|Any CPU
		{C518135F-7284-479D-9084-142A451EFCDA}.Release|Any CPU.ActiveCfg = Release|Any CPU
		{C518135F-7284-479D-9084-142A451EFCDA}.Release|Any CPU.Build.0 = Release|Any CPU
	EndGlobalSection
	GlobalSection(SolutionProperties) = preSolution
		HideSolutionNode = FALSE
	EndGlobalSection
	GlobalSection(ExtensibilityGlobals) = postSolution
		SolutionGuid = {33DC35BE-2E9B-4E9D-A29E-0AA1E434C719}
	EndGlobalSection
EndGlobal
