
Microsoft Visual Studio Solution File, Format Version 12.00
# Visual Studio Version 17
VisualStudioVersion = 17.0.31903.59
MinimumVisualStudioVersion = 10.0.40219.1
Project("{FAE04EC0-301F-11D3-BF4B-00C04F79EFBC}") = "Lab.QueueApi", "Lab.QueueApi\Lab.QueueApi.csproj", "{F0D65E3D-5DD0-49DF-B206-5CD1D708A224}"
EndProject
Project("{FAE04EC0-301F-11D3-BF4B-00C04F79EFBC}") = "Lab.QueueApi.Tests", "Lab.QueueApi.Tests\Lab.QueueApi.Tests.csproj", "{1F9CCB9F-8892-408C-A915-B048284A995C}"
EndProject
Global
	GlobalSection(SolutionConfigurationPlatforms) = preSolution
		Debug|Any CPU = Debug|Any CPU
		Debug|x64 = Debug|x64
		Debug|x86 = Debug|x86
		Release|Any CPU = Release|Any CPU
		Release|x64 = Release|x64
		Release|x86 = Release|x86
	EndGlobalSection
	GlobalSection(ProjectConfigurationPlatforms) = postSolution
		{F0D65E3D-5DD0-49DF-B206-5CD1D708A224}.Debug|Any CPU.ActiveCfg = Debug|Any CPU
		{F0D65E3D-5DD0-49DF-B206-5CD1D708A224}.Debug|Any CPU.Build.0 = Debug|Any CPU
		{F0D65E3D-5DD0-49DF-B206-5CD1D708A224}.Debug|x64.ActiveCfg = Debug|Any CPU
		{F0D65E3D-5DD0-49DF-B206-5CD1D708A224}.Debug|x64.Build.0 = Debug|Any CPU
		{F0D65E3D-5DD0-49DF-B206-5CD1D708A224}.Debug|x86.ActiveCfg = Debug|Any CPU
		{F0D65E3D-5DD0-49DF-B206-5CD1D708A224}.Debug|x86.Build.0 = Debug|Any CPU
		{F0D65E3D-5DD0-49DF-B206-5CD1D708A224}.Release|Any CPU.ActiveCfg = Release|Any CPU
		{F0D65E3D-5DD0-49DF-B206-5CD1D708A224}.Release|Any CPU.Build.0 = Release|Any CPU
		{F0D65E3D-5DD0-49DF-B206-5CD1D708A224}.Release|x64.ActiveCfg = Release|Any CPU
		{F0D65E3D-5DD0-49DF-B206-5CD1D708A224}.Release|x64.Build.0 = Release|Any CPU
		{F0D65E3D-5DD0-49DF-B206-5CD1D708A224}.Release|x86.ActiveCfg = Release|Any CPU
		{F0D65E3D-5DD0-49DF-B206-5CD1D708A224}.Release|x86.Build.0 = Release|Any CPU
		{1F9CCB9F-8892-408C-A915-B048284A995C}.Debug|Any CPU.ActiveCfg = Debug|Any CPU
		{1F9CCB9F-8892-408C-A915-B048284A995C}.Debug|Any CPU.Build.0 = Debug|Any CPU
		{1F9CCB9F-8892-408C-A915-B048284A995C}.Debug|x64.ActiveCfg = Debug|Any CPU
		{1F9CCB9F-8892-408C-A915-B048284A995C}.Debug|x64.Build.0 = Debug|Any CPU
		{1F9CCB9F-8892-408C-A915-B048284A995C}.Debug|x86.ActiveCfg = Debug|Any CPU
		{1F9CCB9F-8892-408C-A915-B048284A995C}.Debug|x86.Build.0 = Debug|Any CPU
		{1F9CCB9F-8892-408C-A915-B048284A995C}.Release|Any CPU.ActiveCfg = Release|Any CPU
		{1F9CCB9F-8892-408C-A915-B048284A995C}.Release|Any CPU.Build.0 = Release|Any CPU
		{1F9CCB9F-8892-408C-A915-B048284A995C}.Release|x64.ActiveCfg = Release|Any CPU
		{1F9CCB9F-8892-408C-A915-B048284A995C}.Release|x64.Build.0 = Release|Any CPU
		{1F9CCB9F-8892-408C-A915-B048284A995C}.Release|x86.ActiveCfg = Release|Any CPU
		{1F9CCB9F-8892-408C-A915-B048284A995C}.Release|x86.Build.0 = Release|Any CPU
	EndGlobalSection
	GlobalSection(SolutionProperties) = preSolution
		HideSolutionNode = FALSE
	EndGlobalSection
EndGlobal
