
Microsoft Visual Studio Solution File, Format Version 12.00
Project("{FAE04EC0-301F-11D3-BF4B-00C04F79EFBC}") = "Lab.Test.WebApi.Net5", "Lab.Test.WebApi.Net5\Lab.Test.WebApi.Net5.csproj", "{B97FA43E-B196-4800-9AF6-6F5F7B412D1D}"
EndProject
Project("{FAE04EC0-301F-11D3-BF4B-00C04F79EFBC}") = "Lab.Test.WebApi.Net5.TestProject", "Lab.Test.WebApi.Net5.TestProject\Lab.Test.WebApi.Net5.TestProject.csproj", "{B0E91B25-C99E-44D7-9C70-27DF6BF0DBEC}"
EndProject
Global
	GlobalSection(SolutionConfigurationPlatforms) = preSolution
		Debug|Any CPU = Debug|Any CPU
		Release|Any CPU = Release|Any CPU
	EndGlobalSection
	GlobalSection(ProjectConfigurationPlatforms) = postSolution
		{B97FA43E-B196-4800-9AF6-6F5F7B412D1D}.Debug|Any CPU.ActiveCfg = Debug|Any CPU
		{B97FA43E-B196-4800-9AF6-6F5F7B412D1D}.Debug|Any CPU.Build.0 = Debug|Any CPU
		{B97FA43E-B196-4800-9AF6-6F5F7B412D1D}.Release|Any CPU.ActiveCfg = Release|Any CPU
		{B97FA43E-B196-4800-9AF6-6F5F7B412D1D}.Release|Any CPU.Build.0 = Release|Any CPU
		{B0E91B25-C99E-44D7-9C70-27DF6BF0DBEC}.Debug|Any CPU.ActiveCfg = Debug|Any CPU
		{B0E91B25-C99E-44D7-9C70-27DF6BF0DBEC}.Debug|Any CPU.Build.0 = Debug|Any CPU
		{B0E91B25-C99E-44D7-9C70-27DF6BF0DBEC}.Release|Any CPU.ActiveCfg = Release|Any CPU
		{B0E91B25-C99E-44D7-9C70-27DF6BF0DBEC}.Release|Any CPU.Build.0 = Release|Any CPU
	EndGlobalSection
EndGlobal
