
Microsoft Visual Studio Solution File, Format Version 12.00
# Visual Studio Version 16
VisualStudioVersion = 16.0.29728.190
MinimumVisualStudioVersion = 10.0.40219.1
Project("{FAE04EC0-301F-11D3-BF4B-00C04F79EFBC}") = "UnitTestProject1", "UnitTestProject1\UnitTestProject1.csproj", "{7B381597-99B9-445C-8CBE-86A5B3F04339}"
EndProject
Project("{FAE04EC0-301F-11D3-BF4B-00C04F79EFBC}") = "UnitTestCore", "UnitTestCore\UnitTestCore.csproj", "{8DF20E76-081F-4FD1-BD6F-5CE7BC15D0AD}"
EndProject
Global
	GlobalSection(SolutionConfigurationPlatforms) = preSolution
		Debug|Any CPU = Debug|Any CPU
		Release|Any CPU = Release|Any CPU
	EndGlobalSection
	GlobalSection(ProjectConfigurationPlatforms) = postSolution
		{7B381597-99B9-445C-8CBE-86A5B3F04339}.Debug|Any CPU.ActiveCfg = Debug|Any CPU
		{7B381597-99B9-445C-8CBE-86A5B3F04339}.Debug|Any CPU.Build.0 = Debug|Any CPU
		{7B381597-99B9-445C-8CBE-86A5B3F04339}.Release|Any CPU.ActiveCfg = Release|Any CPU
		{7B381597-99B9-445C-8CBE-86A5B3F04339}.Release|Any CPU.Build.0 = Release|Any CPU
		{8DF20E76-081F-4FD1-BD6F-5CE7BC15D0AD}.Debug|Any CPU.ActiveCfg = Debug|Any CPU
		{8DF20E76-081F-4FD1-BD6F-5CE7BC15D0AD}.Debug|Any CPU.Build.0 = Debug|Any CPU
		{8DF20E76-081F-4FD1-BD6F-5CE7BC15D0AD}.Release|Any CPU.ActiveCfg = Release|Any CPU
		{8DF20E76-081F-4FD1-BD6F-5CE7BC15D0AD}.Release|Any CPU.Build.0 = Release|Any CPU
	EndGlobalSection
	GlobalSection(SolutionProperties) = preSolution
		HideSolutionNode = FALSE
	EndGlobalSection
	GlobalSection(ExtensibilityGlobals) = postSolution
		SolutionGuid = {5D8245DF-0E45-4304-A3EE-93CFFE1147CC}
	EndGlobalSection
EndGlobal
