
Microsoft Visual Studio Solution File, Format Version 12.00
Project("{FAE04EC0-301F-11D3-BF4B-00C04F79EFBC}") = "Lab.EnvGeneratorCli", "Lab.EnvGeneratorCli\Lab.EnvGeneratorCli.csproj", "{FF0E7D63-9FCA-4062-9DE2-1BF6A92A7100}"
EndProject
Global
	GlobalSection(SolutionConfigurationPlatforms) = preSolution
		Debug|Any CPU = Debug|Any CPU
		Release|Any CPU = Release|Any CPU
	EndGlobalSection
	GlobalSection(ProjectConfigurationPlatforms) = postSolution
		{FF0E7D63-9FCA-4062-9DE2-1BF6A92A7100}.Debug|Any CPU.ActiveCfg = Debug|Any CPU
		{FF0E7D63-9FCA-4062-9DE2-1BF6A92A7100}.Debug|Any CPU.Build.0 = Debug|Any CPU
		{FF0E7D63-9FCA-4062-9DE2-1BF6A92A7100}.Release|Any CPU.ActiveCfg = Release|Any CPU
		{FF0E7D63-9FCA-4062-9DE2-1BF6A92A7100}.Release|Any CPU.Build.0 = Release|Any CPU
	EndGlobalSection
EndGlobal
