
Microsoft Visual Studio Solution File, Format Version 12.00
# Visual Studio Version 16
VisualStudioVersion = 16.0.29025.244
MinimumVisualStudioVersion = 10.0.40219.1
Project("{FAE04EC0-301F-11D3-BF4B-00C04F79EFBC}") = "Lab.Compress", "Lab.Compress\Lab.Compress.csproj", "{27065B5F-D7A7-4CEC-8CE9-385F50003C0A}"
EndProject
Project("{FAE04EC0-301F-11D3-BF4B-00C04F79EFBC}") = "Lab.Compress.UnitTest", "Lab.Compress.UnitTest\Lab.Compress.UnitTest.csproj", "{B83E3345-26D1-46BB-8751-186B33C688CA}"
EndProject
Project("{FAE04EC0-301F-11D3-BF4B-00C04F79EFBC}") = "Lab.Compress.ViaDecompressHandler", "Lab.Compress.ViaDecompressHandler\Lab.Compress.ViaDecompressHandler.csproj", "{D121E383-42F4-4B3A-BD3C-F7BB46C4BFA3}"
EndProject
Project("{FAE04EC0-301F-11D3-BF4B-00C04F79EFBC}") = "Lab.Compress.ViaDecompressHandler.UnitTest", "Lab.Compress.ViaDecompressHandler.UnitTest\Lab.Compress.ViaDecompressHandler.UnitTest.csproj", "{36379FB3-4EDD-4AE6-92A3-6E76F539EF46}"
EndProject
Global
	GlobalSection(SolutionConfigurationPlatforms) = preSolution
		Debug|Any CPU = Debug|Any CPU
		Release|Any CPU = Release|Any CPU
	EndGlobalSection
	GlobalSection(ProjectConfigurationPlatforms) = postSolution
		{27065B5F-D7A7-4CEC-8CE9-385F50003C0A}.Debug|Any CPU.ActiveCfg = Debug|Any CPU
		{27065B5F-D7A7-4CEC-8CE9-385F50003C0A}.Debug|Any CPU.Build.0 = Debug|Any CPU
		{27065B5F-D7A7-4CEC-8CE9-385F50003C0A}.Release|Any CPU.ActiveCfg = Release|Any CPU
		{27065B5F-D7A7-4CEC-8CE9-385F50003C0A}.Release|Any CPU.Build.0 = Release|Any CPU
		{B83E3345-26D1-46BB-8751-186B33C688CA}.Debug|Any CPU.ActiveCfg = Debug|Any CPU
		{B83E3345-26D1-46BB-8751-186B33C688CA}.Debug|Any CPU.Build.0 = Debug|Any CPU
		{B83E3345-26D1-46BB-8751-186B33C688CA}.Release|Any CPU.ActiveCfg = Release|Any CPU
		{B83E3345-26D1-46BB-8751-186B33C688CA}.Release|Any CPU.Build.0 = Release|Any CPU
		{D121E383-42F4-4B3A-BD3C-F7BB46C4BFA3}.Debug|Any CPU.ActiveCfg = Debug|Any CPU
		{D121E383-42F4-4B3A-BD3C-F7BB46C4BFA3}.Debug|Any CPU.Build.0 = Debug|Any CPU
		{D121E383-42F4-4B3A-BD3C-F7BB46C4BFA3}.Release|Any CPU.ActiveCfg = Release|Any CPU
		{D121E383-42F4-4B3A-BD3C-F7BB46C4BFA3}.Release|Any CPU.Build.0 = Release|Any CPU
		{36379FB3-4EDD-4AE6-92A3-6E76F539EF46}.Debug|Any CPU.ActiveCfg = Debug|Any CPU
		{36379FB3-4EDD-4AE6-92A3-6E76F539EF46}.Debug|Any CPU.Build.0 = Debug|Any CPU
		{36379FB3-4EDD-4AE6-92A3-6E76F539EF46}.Release|Any CPU.ActiveCfg = Release|Any CPU
		{36379FB3-4EDD-4AE6-92A3-6E76F539EF46}.Release|Any CPU.Build.0 = Release|Any CPU
	EndGlobalSection
	GlobalSection(SolutionProperties) = preSolution
		HideSolutionNode = FALSE
	EndGlobalSection
	GlobalSection(ExtensibilityGlobals) = postSolution
		SolutionGuid = {8BCDA194-0873-4117-8B32-7853AEDEF423}
	EndGlobalSection
EndGlobal
