
Microsoft Visual Studio Solution File, Format Version 12.00
Project("{FAE04EC0-301F-11D3-BF4B-00C04F79EFBC}") = "Lab.Context.Trace", "Lab.Context.Trace\Lab.Context.Trace.csproj", "{85EF9A0D-F431-4C29-9FDD-E39C38A3D027}"
EndProject
Project("{FAE04EC0-301F-11D3-BF4B-00C04F79EFBC}") = "Lab.Context.Trace.WebAPI", "Lab.Context.Trace.WebAPI\Lab.Context.Trace.WebAPI.csproj", "{04987A3C-032F-49CB-B59A-80D188BF1372}"
EndProject
Project("{2150E333-8FDC-42A3-9474-1A3956D46DE8}") = "Solution Items", "Solution Items", "{47606710-3952-41C4-8B80-57FB42EF000C}"
	ProjectSection(SolutionItems) = preProject
		docker-compose.yml = docker-compose.yml
	EndProjectSection
EndProject
Project("{FAE04EC0-301F-11D3-BF4B-00C04F79EFBC}") = "Lab.Context.Trace.WebAPI.TestProject", "Lab.Context.Trace.WebAPI.TestProject\Lab.Context.Trace.WebAPI.TestProject.csproj", "{072B154D-149F-416C-AC1A-E009FED7706E}"
EndProject
Project("{FAE04EC0-301F-11D3-BF4B-00C04F79EFBC}") = "Lab.Context.Trace.ConsoleApp", "Lab.Context.Trace.ConsoleApp\Lab.Context.Trace.ConsoleApp.csproj", "{395822D5-7405-41B8-AC00-9106BF00EB76}"
EndProject
Global
	GlobalSection(SolutionConfigurationPlatforms) = preSolution
		Debug|Any CPU = Debug|Any CPU
		Release|Any CPU = Release|Any CPU
	EndGlobalSection
	GlobalSection(ProjectConfigurationPlatforms) = postSolution
		{85EF9A0D-F431-4C29-9FDD-E39C38A3D027}.Debug|Any CPU.ActiveCfg = Debug|Any CPU
		{85EF9A0D-F431-4C29-9FDD-E39C38A3D027}.Debug|Any CPU.Build.0 = Debug|Any CPU
		{85EF9A0D-F431-4C29-9FDD-E39C38A3D027}.Release|Any CPU.ActiveCfg = Release|Any CPU
		{85EF9A0D-F431-4C29-9FDD-E39C38A3D027}.Release|Any CPU.Build.0 = Release|Any CPU
		{04987A3C-032F-49CB-B59A-80D188BF1372}.Debug|Any CPU.ActiveCfg = Debug|Any CPU
		{04987A3C-032F-49CB-B59A-80D188BF1372}.Debug|Any CPU.Build.0 = Debug|Any CPU
		{04987A3C-032F-49CB-B59A-80D188BF1372}.Release|Any CPU.ActiveCfg = Release|Any CPU
		{04987A3C-032F-49CB-B59A-80D188BF1372}.Release|Any CPU.Build.0 = Release|Any CPU
		{072B154D-149F-416C-AC1A-E009FED7706E}.Debug|Any CPU.ActiveCfg = Debug|Any CPU
		{072B154D-149F-416C-AC1A-E009FED7706E}.Debug|Any CPU.Build.0 = Debug|Any CPU
		{072B154D-149F-416C-AC1A-E009FED7706E}.Release|Any CPU.ActiveCfg = Release|Any CPU
		{072B154D-149F-416C-AC1A-E009FED7706E}.Release|Any CPU.Build.0 = Release|Any CPU
		{395822D5-7405-41B8-AC00-9106BF00EB76}.Debug|Any CPU.ActiveCfg = Debug|Any CPU
		{395822D5-7405-41B8-AC00-9106BF00EB76}.Debug|Any CPU.Build.0 = Debug|Any CPU
		{395822D5-7405-41B8-AC00-9106BF00EB76}.Release|Any CPU.ActiveCfg = Release|Any CPU
		{395822D5-7405-41B8-AC00-9106BF00EB76}.Release|Any CPU.Build.0 = Release|Any CPU
	EndGlobalSection
EndGlobal
