
Microsoft Visual Studio Solution File, Format Version 12.00
# Visual Studio 15
VisualStudioVersion = 15.0.28307.271
MinimumVisualStudioVersion = 10.0.40219.1
Project("{FAE04EC0-301F-11D3-BF4B-00C04F79EFBC}") = "SeleniumDriver.UnitTest", "SeleniumDriver.UnitTest\SeleniumDriver.UnitTest.csproj", "{B071BDCB-66C1-4D2E-B86E-FCB96C6D34EB}"
EndProject
Project("{FAE04EC0-301F-11D3-BF4B-00C04F79EFBC}") = "SeleniumServer.UnitTest", "SeleniumServer.UnitTest\SeleniumServer.UnitTest.csproj", "{362DBD49-0626-4C65-896E-A715825F4D3C}"
EndProject
Global
	GlobalSection(SolutionConfigurationPlatforms) = preSolution
		Debug|Any CPU = Debug|Any CPU
		Release|Any CPU = Release|Any CPU
	EndGlobalSection
	GlobalSection(ProjectConfigurationPlatforms) = postSolution
		{B071BDCB-66C1-4D2E-B86E-FCB96C6D34EB}.Debug|Any CPU.ActiveCfg = Debug|Any CPU
		{B071BDCB-66C1-4D2E-B86E-FCB96C6D34EB}.Debug|Any CPU.Build.0 = Debug|Any CPU
		{B071BDCB-66C1-4D2E-B86E-FCB96C6D34EB}.Release|Any CPU.ActiveCfg = Release|Any CPU
		{B071BDCB-66C1-4D2E-B86E-FCB96C6D34EB}.Release|Any CPU.Build.0 = Release|Any CPU
		{362DBD49-0626-4C65-896E-A715825F4D3C}.Debug|Any CPU.ActiveCfg = Debug|Any CPU
		{362DBD49-0626-4C65-896E-A715825F4D3C}.Debug|Any CPU.Build.0 = Debug|Any CPU
		{362DBD49-0626-4C65-896E-A715825F4D3C}.Release|Any CPU.ActiveCfg = Release|Any CPU
		{362DBD49-0626-4C65-896E-A715825F4D3C}.Release|Any CPU.Build.0 = Release|Any CPU
	EndGlobalSection
	GlobalSection(SolutionProperties) = preSolution
		HideSolutionNode = FALSE
	EndGlobalSection
	GlobalSection(ExtensibilityGlobals) = postSolution
		SolutionGuid = {B1D2E456-5E34-4EB7-830A-BDA43A66BC26}
	EndGlobalSection
EndGlobal
