
Microsoft Visual Studio Solution File, Format Version 12.00
Project("{FAE04EC0-301F-11D3-BF4B-00C04F79EFBC}") = "Lab.JsonConverterLib", "Lab.JsonConverterLib\Lab.JsonConverterLib.csproj", "{5E5A6E58-2175-435A-AC74-617DBF7A70F2}"
EndProject
Project("{FAE04EC0-301F-11D3-BF4B-00C04F79EFBC}") = "Lab.JsonConverterLib.UnitTest", "Lab.JsonConverterLib.UnitTest\Lab.JsonConverterLib.UnitTest.csproj", "{E36B4A45-46F6-4709-ACF6-2887F4D26B5D}"
EndProject
Global
	GlobalSection(SolutionConfigurationPlatforms) = preSolution
		Debug|Any CPU = Debug|Any CPU
		Release|Any CPU = Release|Any CPU
	EndGlobalSection
	GlobalSection(ProjectConfigurationPlatforms) = postSolution
		{5E5A6E58-2175-435A-AC74-617DBF7A70F2}.Debug|Any CPU.ActiveCfg = Debug|Any CPU
		{5E5A6E58-2175-435A-AC74-617DBF7A70F2}.Debug|Any CPU.Build.0 = Debug|Any CPU
		{5E5A6E58-2175-435A-AC74-617DBF7A70F2}.Release|Any CPU.ActiveCfg = Release|Any CPU
		{5E5A6E58-2175-435A-AC74-617DBF7A70F2}.Release|Any CPU.Build.0 = Release|Any CPU
		{E36B4A45-46F6-4709-ACF6-2887F4D26B5D}.Debug|Any CPU.ActiveCfg = Debug|Any CPU
		{E36B4A45-46F6-4709-ACF6-2887F4D26B5D}.Debug|Any CPU.Build.0 = Debug|Any CPU
		{E36B4A45-46F6-4709-ACF6-2887F4D26B5D}.Release|Any CPU.ActiveCfg = Release|Any CPU
		{E36B4A45-46F6-4709-ACF6-2887F4D26B5D}.Release|Any CPU.Build.0 = Release|Any CPU
	EndGlobalSection
EndGlobal
