
Microsoft Visual Studio Solution File, Format Version 12.00
# Visual Studio Version 16
VisualStudioVersion = 16.0.30717.126
MinimumVisualStudioVersion = 10.0.40219.1
Project("{FAE04EC0-301F-11D3-BF4B-00C04F79EFBC}") = "Server.WebApi2NET48", "Server.WebApi2NET48\Server.WebApi2NET48.csproj", "{C145E008-FA4D-4C09-A344-D13C49D28587}"
EndProject
Project("{FAE04EC0-301F-11D3-BF4B-00C04F79EFBC}") = "Client.WinFormsNet48", "Client.WinFormsNet48\Client.WinFormsNet48.csproj", "{35411D29-9D5B-4836-A902-29E64F4E2F85}"
EndProject
Global
	GlobalSection(SolutionConfigurationPlatforms) = preSolution
		Debug|Any CPU = Debug|Any CPU
		Release|Any CPU = Release|Any CPU
	EndGlobalSection
	GlobalSection(ProjectConfigurationPlatforms) = postSolution
		{C145E008-FA4D-4C09-A344-D13C49D28587}.Debug|Any CPU.ActiveCfg = Debug|Any CPU
		{C145E008-FA4D-4C09-A344-D13C49D28587}.Debug|Any CPU.Build.0 = Debug|Any CPU
		{C145E008-FA4D-4C09-A344-D13C49D28587}.Release|Any CPU.ActiveCfg = Release|Any CPU
		{C145E008-FA4D-4C09-A344-D13C49D28587}.Release|Any CPU.Build.0 = Release|Any CPU
		{35411D29-9D5B-4836-A902-29E64F4E2F85}.Debug|Any CPU.ActiveCfg = Debug|Any CPU
		{35411D29-9D5B-4836-A902-29E64F4E2F85}.Debug|Any CPU.Build.0 = Debug|Any CPU
		{35411D29-9D5B-4836-A902-29E64F4E2F85}.Release|Any CPU.ActiveCfg = Release|Any CPU
		{35411D29-9D5B-4836-A902-29E64F4E2F85}.Release|Any CPU.Build.0 = Release|Any CPU
	EndGlobalSection
	GlobalSection(SolutionProperties) = preSolution
		HideSolutionNode = FALSE
	EndGlobalSection
	GlobalSection(ExtensibilityGlobals) = postSolution
		SolutionGuid = {5D9ED9A1-44CE-46EA-B044-E1278768553F}
	EndGlobalSection
EndGlobal
