
Microsoft Visual Studio Solution File, Format Version 12.00
# Visual Studio 15
VisualStudioVersion = 15.0.28307.489
MinimumVisualStudioVersion = 10.0.40219.1
Project("{FAE04EC0-301F-11D3-BF4B-00C04F79EFBC}") = "App", "App\App.csproj", "{30E37FD3-4FCD-4332-A443-7F3BFF15CF77}"
EndProject
Project("{FAE04EC0-301F-11D3-BF4B-00C04F79EFBC}") = "App.UnitTest", "App.UnitTest\App.UnitTest.csproj", "{236F4426-525B-4D97-B557-B4A9FD0DA1B4}"
EndProject
Global
	GlobalSection(SolutionConfigurationPlatforms) = preSolution
		Debug|Any CPU = Debug|Any CPU
		Release|Any CPU = Release|Any CPU
	EndGlobalSection
	GlobalSection(ProjectConfigurationPlatforms) = postSolution
		{30E37FD3-4FCD-4332-A443-7F3BFF15CF77}.Debug|Any CPU.ActiveCfg = Debug|Any CPU
		{30E37FD3-4FCD-4332-A443-7F3BFF15CF77}.Debug|Any CPU.Build.0 = Debug|Any CPU
		{30E37FD3-4FCD-4332-A443-7F3BFF15CF77}.Release|Any CPU.ActiveCfg = Release|Any CPU
		{30E37FD3-4FCD-4332-A443-7F3BFF15CF77}.Release|Any CPU.Build.0 = Release|Any CPU
		{236F4426-525B-4D97-B557-B4A9FD0DA1B4}.Debug|Any CPU.ActiveCfg = Debug|Any CPU
		{236F4426-525B-4D97-B557-B4A9FD0DA1B4}.Debug|Any CPU.Build.0 = Debug|Any CPU
		{236F4426-525B-4D97-B557-B4A9FD0DA1B4}.Release|Any CPU.ActiveCfg = Release|Any CPU
		{236F4426-525B-4D97-B557-B4A9FD0DA1B4}.Release|Any CPU.Build.0 = Release|Any CPU
	EndGlobalSection
	GlobalSection(SolutionProperties) = preSolution
		HideSolutionNode = FALSE
	EndGlobalSection
	GlobalSection(ExtensibilityGlobals) = postSolution
		SolutionGuid = {6A6458D0-EB56-4302-9B5D-7AECB0EE4F71}
	EndGlobalSection
EndGlobal
