
Microsoft Visual Studio Solution File, Format Version 12.00
# Visual Studio Version 16
VisualStudioVersion = 16.0.30114.105
MinimumVisualStudioVersion = 10.0.40219.1
Project("{FAE04EC0-301F-11D3-BF4B-00C04F79EFBC}") = "Server", "Server\Server.csproj", "{DC41871E-35C0-4D67-A208-385EFA738155}"
EndProject
Global
	GlobalSection(SolutionConfigurationPlatforms) = preSolution
		Debug|Any CPU = Debug|Any CPU
		Release|Any CPU = Release|Any CPU
	EndGlobalSection
	GlobalSection(ProjectConfigurationPlatforms) = postSolution
		{DC41871E-35C0-4D67-A208-385EFA738155}.Debug|Any CPU.ActiveCfg = Debug|Any CPU
		{DC41871E-35C0-4D67-A208-385EFA738155}.Debug|Any CPU.Build.0 = Debug|Any CPU
		{DC41871E-35C0-4D67-A208-385EFA738155}.Release|Any CPU.ActiveCfg = Release|Any CPU
		{DC41871E-35C0-4D67-A208-385EFA738155}.Release|Any CPU.Build.0 = Release|Any CPU
	EndGlobalSection
	GlobalSection(SolutionProperties) = preSolution
		HideSolutionNode = FALSE
	EndGlobalSection
	GlobalSection(ExtensibilityGlobals) = postSolution
		SolutionGuid = {510112C0-D090-469B-8B7A-FC35EE66A561}
	EndGlobalSection
EndGlobal
