
Microsoft Visual Studio Solution File, Format Version 12.00
Project("{FAE04EC0-301F-11D3-BF4B-00C04F79EFBC}") = "Lab.DictionaryFluentValidation", "Lab.DictionaryFluentValidation\Lab.DictionaryFluentValidation.csproj", "{F351E4A0-8F8E-4CEF-BE2A-D158E420DFB6}"
EndProject
Project("{FAE04EC0-301F-11D3-BF4B-00C04F79EFBC}") = "Lab.DictionaryFluentValidation.UnitTest", "Lab.DictionaryFluentValidation.UnitTest\Lab.DictionaryFluentValidation.UnitTest.csproj", "{3C5718DF-EA0D-472B-8067-B5C736923125}"
EndProject
Project("{FAE04EC0-301F-11D3-BF4B-00C04F79EFBC}") = "Lab.DictionaryFluentValidation2", "Lab.DictionaryFluentValidation2\Lab.DictionaryFluentValidation2.csproj", "{98F42EDB-CAB8-4D61-9238-6A8F41148F86}"
EndProject
Project("{FAE04EC0-301F-11D3-BF4B-00C04F79EFBC}") = "Lab.DictionaryFluentValidation2.UnitTest", "Lab.DictionaryFluentValidation2.UnitTest\Lab.DictionaryFluentValidation2.UnitTest.csproj", "{BB09B9B1-BC5A-4D09-B365-9AAE57D96D7B}"
EndProject
Global
	GlobalSection(SolutionConfigurationPlatforms) = preSolution
		Debug|Any CPU = Debug|Any CPU
		Release|Any CPU = Release|Any CPU
	EndGlobalSection
	GlobalSection(ProjectConfigurationPlatforms) = postSolution
		{F351E4A0-8F8E-4CEF-BE2A-D158E420DFB6}.Debug|Any CPU.ActiveCfg = Debug|Any CPU
		{F351E4A0-8F8E-4CEF-BE2A-D158E420DFB6}.Debug|Any CPU.Build.0 = Debug|Any CPU
		{F351E4A0-8F8E-4CEF-BE2A-D158E420DFB6}.Release|Any CPU.ActiveCfg = Release|Any CPU
		{F351E4A0-8F8E-4CEF-BE2A-D158E420DFB6}.Release|Any CPU.Build.0 = Release|Any CPU
		{3C5718DF-EA0D-472B-8067-B5C736923125}.Debug|Any CPU.ActiveCfg = Debug|Any CPU
		{3C5718DF-EA0D-472B-8067-B5C736923125}.Debug|Any CPU.Build.0 = Debug|Any CPU
		{3C5718DF-EA0D-472B-8067-B5C736923125}.Release|Any CPU.ActiveCfg = Release|Any CPU
		{3C5718DF-EA0D-472B-8067-B5C736923125}.Release|Any CPU.Build.0 = Release|Any CPU
		{98F42EDB-CAB8-4D61-9238-6A8F41148F86}.Debug|Any CPU.ActiveCfg = Debug|Any CPU
		{98F42EDB-CAB8-4D61-9238-6A8F41148F86}.Debug|Any CPU.Build.0 = Debug|Any CPU
		{98F42EDB-CAB8-4D61-9238-6A8F41148F86}.Release|Any CPU.ActiveCfg = Release|Any CPU
		{98F42EDB-CAB8-4D61-9238-6A8F41148F86}.Release|Any CPU.Build.0 = Release|Any CPU
		{BB09B9B1-BC5A-4D09-B365-9AAE57D96D7B}.Debug|Any CPU.ActiveCfg = Debug|Any CPU
		{BB09B9B1-BC5A-4D09-B365-9AAE57D96D7B}.Debug|Any CPU.Build.0 = Debug|Any CPU
		{BB09B9B1-BC5A-4D09-B365-9AAE57D96D7B}.Release|Any CPU.ActiveCfg = Release|Any CPU
		{BB09B9B1-BC5A-4D09-B365-9AAE57D96D7B}.Release|Any CPU.Build.0 = Release|Any CPU
	EndGlobalSection
EndGlobal
