
Microsoft Visual Studio Solution File, Format Version 12.00
Project("{FAE04EC0-301F-11D3-BF4B-00C04F79EFBC}") = "Lab.SerilogProject.WebApi", "Lab.SerilogProject.WebApi\Lab.SerilogProject.WebApi.csproj", "{D58F5F77-C34C-4971-B044-565BED8C9A5D}"
EndProject
Project("{2150E333-8FDC-42A3-9474-1A3956D46DE8}") = "global", "global", "{57242756-8814-45F1-A9E3-474721C382BC}"
	ProjectSection(SolutionItems) = preProject
		..\..\.gitignore = ..\..\.gitignore
		..\..\Taskfile.yml = ..\..\Taskfile.yml
	EndProjectSection
EndProject
Global
	GlobalSection(SolutionConfigurationPlatforms) = preSolution
		Debug|Any CPU = Debug|Any CPU
		Release|Any CPU = Release|Any CPU
	EndGlobalSection
	GlobalSection(ProjectConfigurationPlatforms) = postSolution
		{D58F5F77-C34C-4971-B044-565BED8C9A5D}.Debug|Any CPU.ActiveCfg = Debug|Any CPU
		{D58F5F77-C34C-4971-B044-565BED8C9A5D}.Debug|Any CPU.Build.0 = Debug|Any CPU
		{D58F5F77-C34C-4971-B044-565BED8C9A5D}.Release|Any CPU.ActiveCfg = Release|Any CPU
		{D58F5F77-C34C-4971-B044-565BED8C9A5D}.Release|Any CPU.Build.0 = Release|Any CPU
	EndGlobalSection
EndGlobal
