
Microsoft Visual Studio Solution File, Format Version 12.00
# Visual Studio Version 16
VisualStudioVersion = 16.0.30503.244
MinimumVisualStudioVersion = 10.0.40219.1
Project("{FAE04EC0-301F-11D3-BF4B-00C04F79EFBC}") = "WinFormNet48", "WinFormNet48\WinFormNet48.csproj", "{B5AEC9D8-07C6-4919-AB22-E3940D450254}"
EndProject
Project("{FAE04EC0-301F-11D3-BF4B-00C04F79EFBC}") = "WinFormViaDiContainerNet48", "WinFormViaDiContainerNet48\WinFormViaDiContainerNet48.csproj", "{1DE61619-C97D-4E0F-9FD7-067DA6CBEAD5}"
EndProject
Project("{9A19103F-16F7-4668-BE54-9A1E7A4F7556}") = "AspNetCore31", "AspNetCore31\AspNetCore31.csproj", "{9E501C0F-5DF5-41C9-A1B4-170C0EED7465}"
EndProject
Project("{FAE04EC0-301F-11D3-BF4B-00C04F79EFBC}") = "WinFormNetCore31", "WinFormNetCore31\WinFormNetCore31.csproj", "{95513617-1F9E-4C59-ADB1-7982BD05CD7F}"
EndProject
Global
	GlobalSection(SolutionConfigurationPlatforms) = preSolution
		Debug|Any CPU = Debug|Any CPU
		Release|Any CPU = Release|Any CPU
	EndGlobalSection
	GlobalSection(ProjectConfigurationPlatforms) = postSolution
		{B5AEC9D8-07C6-4919-AB22-E3940D450254}.Debug|Any CPU.ActiveCfg = Debug|Any CPU
		{B5AEC9D8-07C6-4919-AB22-E3940D450254}.Debug|Any CPU.Build.0 = Debug|Any CPU
		{B5AEC9D8-07C6-4919-AB22-E3940D450254}.Release|Any CPU.ActiveCfg = Release|Any CPU
		{B5AEC9D8-07C6-4919-AB22-E3940D450254}.Release|Any CPU.Build.0 = Release|Any CPU
		{1DE61619-C97D-4E0F-9FD7-067DA6CBEAD5}.Debug|Any CPU.ActiveCfg = Debug|Any CPU
		{1DE61619-C97D-4E0F-9FD7-067DA6CBEAD5}.Debug|Any CPU.Build.0 = Debug|Any CPU
		{1DE61619-C97D-4E0F-9FD7-067DA6CBEAD5}.Release|Any CPU.ActiveCfg = Release|Any CPU
		{1DE61619-C97D-4E0F-9FD7-067DA6CBEAD5}.Release|Any CPU.Build.0 = Release|Any CPU
		{9E501C0F-5DF5-41C9-A1B4-170C0EED7465}.Debug|Any CPU.ActiveCfg = Debug|Any CPU
		{9E501C0F-5DF5-41C9-A1B4-170C0EED7465}.Debug|Any CPU.Build.0 = Debug|Any CPU
		{9E501C0F-5DF5-41C9-A1B4-170C0EED7465}.Release|Any CPU.ActiveCfg = Release|Any CPU
		{9E501C0F-5DF5-41C9-A1B4-170C0EED7465}.Release|Any CPU.Build.0 = Release|Any CPU
		{95513617-1F9E-4C59-ADB1-7982BD05CD7F}.Debug|Any CPU.ActiveCfg = Debug|Any CPU
		{95513617-1F9E-4C59-ADB1-7982BD05CD7F}.Debug|Any CPU.Build.0 = Debug|Any CPU
		{95513617-1F9E-4C59-ADB1-7982BD05CD7F}.Release|Any CPU.ActiveCfg = Release|Any CPU
		{95513617-1F9E-4C59-ADB1-7982BD05CD7F}.Release|Any CPU.Build.0 = Release|Any CPU
	EndGlobalSection
	GlobalSection(SolutionProperties) = preSolution
		HideSolutionNode = FALSE
	EndGlobalSection
	GlobalSection(ExtensibilityGlobals) = postSolution
		SolutionGuid = {3DF6A00F-5CA2-4797-8573-713CB3AA0486}
	EndGlobalSection
EndGlobal
