
Microsoft Visual Studio Solution File, Format Version 12.00
# Visual Studio Version 16
VisualStudioVersion = 16.0.29609.76
MinimumVisualStudioVersion = 10.0.40219.1
Project("{FAE04EC0-301F-11D3-BF4B-00C04F79EFBC}") = "Lab.HangfireApp", "Lab.HangfireApp\Lab.HangfireApp.csproj", "{BE2231EB-4113-42C4-9A5D-B80A37F31645}"
EndProject
Global
	GlobalSection(SolutionConfigurationPlatforms) = preSolution
		Debug|Any CPU = Debug|Any CPU
		Release|Any CPU = Release|Any CPU
	EndGlobalSection
	GlobalSection(ProjectConfigurationPlatforms) = postSolution
		{BE2231EB-4113-42C4-9A5D-B80A37F31645}.Debug|Any CPU.ActiveCfg = Debug|Any CPU
		{BE2231EB-4113-42C4-9A5D-B80A37F31645}.Debug|Any CPU.Build.0 = Debug|Any CPU
		{BE2231EB-4113-42C4-9A5D-B80A37F31645}.Release|Any CPU.ActiveCfg = Release|Any CPU
		{BE2231EB-4113-42C4-9A5D-B80A37F31645}.Release|Any CPU.Build.0 = Release|Any CPU
	EndGlobalSection
	GlobalSection(SolutionProperties) = preSolution
		HideSolutionNode = FALSE
	EndGlobalSection
	GlobalSection(ExtensibilityGlobals) = postSolution
		SolutionGuid = {C2ADEB5B-73B2-4A10-8930-C979F4A37CC5}
	EndGlobalSection
EndGlobal
