
Microsoft Visual Studio Solution File, Format Version 12.00
Project("{FAE04EC0-301F-11D3-BF4B-00C04F79EFBC}") = "Lab.JsonCompare.UnitTest", "Lab.JsonCompare.UnitTest\Lab.JsonCompare.UnitTest.csproj", "{D79E4743-D20C-4712-8E8E-F0323D05A339}"
EndProject
Global
	GlobalSection(SolutionConfigurationPlatforms) = preSolution
		Debug|Any CPU = Debug|Any CPU
		Release|Any CPU = Release|Any CPU
	EndGlobalSection
	GlobalSection(ProjectConfigurationPlatforms) = postSolution
		{D79E4743-D20C-4712-8E8E-F0323D05A339}.Debug|Any CPU.ActiveCfg = Debug|Any CPU
		{D79E4743-D20C-4712-8E8E-F0323D05A339}.Debug|Any CPU.Build.0 = Debug|Any CPU
		{D79E4743-D20C-4712-8E8E-F0323D05A339}.Release|Any CPU.ActiveCfg = Release|Any CPU
		{D79E4743-D20C-4712-8E8E-F0323D05A339}.Release|Any CPU.Build.0 = Release|Any CPU
	EndGlobalSection
EndGlobal
