
Microsoft Visual Studio Solution File, Format Version 12.00
# Visual Studio Version 16
VisualStudioVersion = 16.0.29728.190
MinimumVisualStudioVersion = 10.0.40219.1
Project("{9A19103F-16F7-4668-BE54-9A1E7A4F7556}") = "WebApiCore31", "WebApiCore31\WebApiCore31.csproj", "{52520223-D66B-42D9-ACF6-8453E5D2AA54}"
EndProject
Project("{FAE04EC0-301F-11D3-BF4B-00C04F79EFBC}") = "WebApi.IIS.NET452", "WebApi.IIS.NET452\WebApi.IIS.NET452.csproj", "{9A5BF650-20E3-4A89-BDA2-A5DD28195F3F}"
EndProject
Project("{FAE04EC0-301F-11D3-BF4B-00C04F79EFBC}") = "ConsoleApp.NET452", "ConsoleApp.NET452\ConsoleApp.NET452.csproj", "{7B129ED2-B14D-44C2-A718-7D1F054DA95C}"
EndProject
Project("{FAE04EC0-301F-11D3-BF4B-00C04F79EFBC}") = "ConsoleApp.NET48", "ConsoleApp.NET48\ConsoleApp.NET48.csproj", "{8DAF5FD4-E3D0-4E4A-8DF9-D46B8E5D6CB9}"
EndProject
Global
	GlobalSection(SolutionConfigurationPlatforms) = preSolution
		Debug|Any CPU = Debug|Any CPU
		Release|Any CPU = Release|Any CPU
	EndGlobalSection
	GlobalSection(ProjectConfigurationPlatforms) = postSolution
		{52520223-D66B-42D9-ACF6-8453E5D2AA54}.Debug|Any CPU.ActiveCfg = Debug|Any CPU
		{52520223-D66B-42D9-ACF6-8453E5D2AA54}.Debug|Any CPU.Build.0 = Debug|Any CPU
		{52520223-D66B-42D9-ACF6-8453E5D2AA54}.Release|Any CPU.ActiveCfg = Release|Any CPU
		{52520223-D66B-42D9-ACF6-8453E5D2AA54}.Release|Any CPU.Build.0 = Release|Any CPU
		{9A5BF650-20E3-4A89-BDA2-A5DD28195F3F}.Debug|Any CPU.ActiveCfg = Debug|Any CPU
		{9A5BF650-20E3-4A89-BDA2-A5DD28195F3F}.Debug|Any CPU.Build.0 = Debug|Any CPU
		{9A5BF650-20E3-4A89-BDA2-A5DD28195F3F}.Release|Any CPU.ActiveCfg = Release|Any CPU
		{9A5BF650-20E3-4A89-BDA2-A5DD28195F3F}.Release|Any CPU.Build.0 = Release|Any CPU
		{7B129ED2-B14D-44C2-A718-7D1F054DA95C}.Debug|Any CPU.ActiveCfg = Debug|Any CPU
		{7B129ED2-B14D-44C2-A718-7D1F054DA95C}.Debug|Any CPU.Build.0 = Debug|Any CPU
		{7B129ED2-B14D-44C2-A718-7D1F054DA95C}.Release|Any CPU.ActiveCfg = Release|Any CPU
		{7B129ED2-B14D-44C2-A718-7D1F054DA95C}.Release|Any CPU.Build.0 = Release|Any CPU
		{8DAF5FD4-E3D0-4E4A-8DF9-D46B8E5D6CB9}.Debug|Any CPU.ActiveCfg = Debug|Any CPU
		{8DAF5FD4-E3D0-4E4A-8DF9-D46B8E5D6CB9}.Debug|Any CPU.Build.0 = Debug|Any CPU
		{8DAF5FD4-E3D0-4E4A-8DF9-D46B8E5D6CB9}.Release|Any CPU.ActiveCfg = Release|Any CPU
		{8DAF5FD4-E3D0-4E4A-8DF9-D46B8E5D6CB9}.Release|Any CPU.Build.0 = Release|Any CPU
	EndGlobalSection
	GlobalSection(SolutionProperties) = preSolution
		HideSolutionNode = FALSE
	EndGlobalSection
	GlobalSection(ExtensibilityGlobals) = postSolution
		SolutionGuid = {E9A94D57-1FEB-4B04-AA0B-3B4BBEC29310}
	EndGlobalSection
EndGlobal
