
Microsoft Visual Studio Solution File, Format Version 12.00
# Visual Studio 15
VisualStudioVersion = 15.0.28307.572
MinimumVisualStudioVersion = 10.0.40219.1
Project("{FAE04EC0-301F-11D3-BF4B-00C04F79EFBC}") = "Lab.Db.TestCase.UnitTest", "Lab.Db.TestCase.UnitTest\Lab.Db.TestCase.UnitTest.csproj", "{A96965A4-34C9-4E8B-806B-84E5036B6747}"
EndProject
Project("{FAE04EC0-301F-11D3-BF4B-00C04F79EFBC}") = "Lab.Db.TestCase.DAL", "Lab.Db.TestCase.DAL\Lab.Db.TestCase.DAL.csproj", "{ACBDEED4-1956-45F4-BC35-95AB4A8CB60F}"
EndProject
Project("{FAE04EC0-301F-11D3-BF4B-00C04F79EFBC}") = "Lab.Db.TestCase.Infrastructure", "Lab.Db.TestCase.Infrastructure\Lab.Db.TestCase.Infrastructure.csproj", "{4753B8A8-7FBD-4336-8F98-DE5590AF6E29}"
EndProject
Global
	GlobalSection(SolutionConfigurationPlatforms) = preSolution
		Debug|Any CPU = Debug|Any CPU
		Release|Any CPU = Release|Any CPU
	EndGlobalSection
	GlobalSection(ProjectConfigurationPlatforms) = postSolution
		{A96965A4-34C9-4E8B-806B-84E5036B6747}.Debug|Any CPU.ActiveCfg = Debug|Any CPU
		{A96965A4-34C9-4E8B-806B-84E5036B6747}.Debug|Any CPU.Build.0 = Debug|Any CPU
		{A96965A4-34C9-4E8B-806B-84E5036B6747}.Release|Any CPU.ActiveCfg = Release|Any CPU
		{A96965A4-34C9-4E8B-806B-84E5036B6747}.Release|Any CPU.Build.0 = Release|Any CPU
		{ACBDEED4-1956-45F4-BC35-95AB4A8CB60F}.Debug|Any CPU.ActiveCfg = Debug|Any CPU
		{ACBDEED4-1956-45F4-BC35-95AB4A8CB60F}.Debug|Any CPU.Build.0 = Debug|Any CPU
		{ACBDEED4-1956-45F4-BC35-95AB4A8CB60F}.Release|Any CPU.ActiveCfg = Release|Any CPU
		{ACBDEED4-1956-45F4-BC35-95AB4A8CB60F}.Release|Any CPU.Build.0 = Release|Any CPU
		{4753B8A8-7FBD-4336-8F98-DE5590AF6E29}.Debug|Any CPU.ActiveCfg = Debug|Any CPU
		{4753B8A8-7FBD-4336-8F98-DE5590AF6E29}.Debug|Any CPU.Build.0 = Debug|Any CPU
		{4753B8A8-7FBD-4336-8F98-DE5590AF6E29}.Release|Any CPU.ActiveCfg = Release|Any CPU
		{4753B8A8-7FBD-4336-8F98-DE5590AF6E29}.Release|Any CPU.Build.0 = Release|Any CPU
	EndGlobalSection
	GlobalSection(SolutionProperties) = preSolution
		HideSolutionNode = FALSE
	EndGlobalSection
	GlobalSection(ExtensibilityGlobals) = postSolution
		SolutionGuid = {9BD783FF-745C-4016-820D-236E3DB88534}
	EndGlobalSection
EndGlobal
