
Microsoft Visual Studio Solution File, Format Version 12.00
Project("{FAE04EC0-301F-11D3-BF4B-00C04F79EFBC}") = "Lab.i18N.WebApi", "Lab.i18N.WebApi\Lab.i18N.WebApi.csproj", "{1EFF9ED6-EA59-4C1A-98D9-B019F8355E9B}"
EndProject
Global
	GlobalSection(SolutionConfigurationPlatforms) = preSolution
		Debug|Any CPU = Debug|Any CPU
		Release|Any CPU = Release|Any CPU
	EndGlobalSection
	GlobalSection(ProjectConfigurationPlatforms) = postSolution
		{1EFF9ED6-EA59-4C1A-98D9-B019F8355E9B}.Debug|Any CPU.ActiveCfg = Debug|Any CPU
		{1EFF9ED6-EA59-4C1A-98D9-B019F8355E9B}.Debug|Any CPU.Build.0 = Debug|Any CPU
		{1EFF9ED6-EA59-4C1A-98D9-B019F8355E9B}.Release|Any CPU.ActiveCfg = Release|Any CPU
		{1EFF9ED6-EA59-4C1A-98D9-B019F8355E9B}.Release|Any CPU.Build.0 = Release|Any CPU
	EndGlobalSection
EndGlobal
