
Microsoft Visual Studio Solution File, Format Version 12.00
# Visual Studio Version 16
VisualStudioVersion = 16.0.29025.244
MinimumVisualStudioVersion = 10.0.40219.1
Project("{FAE04EC0-301F-11D3-BF4B-00C04F79EFBC}") = "UnitTestProject1", "UnitTestProject1\UnitTestProject1.csproj", "{D81E6A2A-9F90-4D27-B783-4C8941016747}"
EndProject
Project("{FAE04EC0-301F-11D3-BF4B-00C04F79EFBC}") = "UnitTestProject2", "UnitTestProject2\UnitTestProject2.csproj", "{4792A3BD-EF3F-4866-836B-5883F4BFFC24}"
EndProject
Global
	GlobalSection(SolutionConfigurationPlatforms) = preSolution
		Debug|Any CPU = Debug|Any CPU
		Release|Any CPU = Release|Any CPU
	EndGlobalSection
	GlobalSection(ProjectConfigurationPlatforms) = postSolution
		{D81E6A2A-9F90-4D27-B783-4C8941016747}.Debug|Any CPU.ActiveCfg = Debug|Any CPU
		{D81E6A2A-9F90-4D27-B783-4C8941016747}.Debug|Any CPU.Build.0 = Debug|Any CPU
		{D81E6A2A-9F90-4D27-B783-4C8941016747}.Release|Any CPU.ActiveCfg = Release|Any CPU
		{D81E6A2A-9F90-4D27-B783-4C8941016747}.Release|Any CPU.Build.0 = Release|Any CPU
		{4792A3BD-EF3F-4866-836B-5883F4BFFC24}.Debug|Any CPU.ActiveCfg = Debug|Any CPU
		{4792A3BD-EF3F-4866-836B-5883F4BFFC24}.Debug|Any CPU.Build.0 = Debug|Any CPU
		{4792A3BD-EF3F-4866-836B-5883F4BFFC24}.Release|Any CPU.ActiveCfg = Release|Any CPU
		{4792A3BD-EF3F-4866-836B-5883F4BFFC24}.Release|Any CPU.Build.0 = Release|Any CPU
	EndGlobalSection
	GlobalSection(SolutionProperties) = preSolution
		HideSolutionNode = FALSE
	EndGlobalSection
	GlobalSection(ExtensibilityGlobals) = postSolution
		SolutionGuid = {F1360B2C-D0B5-4649-B6F2-8CF620580462}
	EndGlobalSection
EndGlobal
