
Microsoft Visual Studio Solution File, Format Version 12.00
Project("{FAE04EC0-301F-11D3-BF4B-00C04F79EFBC}") = "Lab.SpecflowCreateAndCompareJson", "Lab.SpecflowCreateAndCompareJson\Lab.SpecflowCreateAndCompareJson.csproj", "{692293AC-DA77-47AB-860F-341C7136C7FD}"
EndProject
Global
	GlobalSection(SolutionConfigurationPlatforms) = preSolution
		Debug|Any CPU = Debug|Any CPU
		Release|Any CPU = Release|Any CPU
	EndGlobalSection
	GlobalSection(ProjectConfigurationPlatforms) = postSolution
		{692293AC-DA77-47AB-860F-341C7136C7FD}.Debug|Any CPU.ActiveCfg = Debug|Any CPU
		{692293AC-DA77-47AB-860F-341C7136C7FD}.Debug|Any CPU.Build.0 = Debug|Any CPU
		{692293AC-DA77-47AB-860F-341C7136C7FD}.Release|Any CPU.ActiveCfg = Release|Any CPU
		{692293AC-DA77-47AB-860F-341C7136C7FD}.Release|Any CPU.Build.0 = Release|Any CPU
	EndGlobalSection
EndGlobal
