
Microsoft Visual Studio Solution File, Format Version 12.00
# Visual Studio Version 16
VisualStudioVersion = 16.0.30114.105
MinimumVisualStudioVersion = 10.0.40219.1
Project("{9A19103F-16F7-4668-BE54-9A1E7A4F7556}") = "Lab.Infra", "Lab.Infra\Lab.Infra.csproj", "{438294F7-7612-4190-A769-EFA5F34118DD}"
EndProject
Project("{9A19103F-16F7-4668-BE54-9A1E7A4F7556}") = "MsUnitTest", "MsUnitTest\MsUnitTest.csproj", "{623F3B3A-4C40-40C7-94C1-DBD7CD928CC4}"
EndProject
Project("{9A19103F-16F7-4668-BE54-9A1E7A4F7556}") = "AspNetCore3", "AspNetCore3\AspNetCore3.csproj", "{2362CB3D-B69D-4C2D-B873-685F81140D1B}"
EndProject
Project("{FAE04EC0-301F-11D3-BF4B-00C04F79EFBC}") = "NetFx48", "NetFx48\NetFx48.csproj", "{D0B23D3B-F2E0-4B38-8864-F3FF60EE115B}"
EndProject
Global
	GlobalSection(SolutionConfigurationPlatforms) = preSolution
		Debug|Any CPU = Debug|Any CPU
		Release|Any CPU = Release|Any CPU
		QA|Any CPU = QA|Any CPU
	EndGlobalSection
	GlobalSection(ProjectConfigurationPlatforms) = postSolution
		{438294F7-7612-4190-A769-EFA5F34118DD}.Debug|Any CPU.ActiveCfg = Debug|Any CPU
		{438294F7-7612-4190-A769-EFA5F34118DD}.Debug|Any CPU.Build.0 = Debug|Any CPU
		{438294F7-7612-4190-A769-EFA5F34118DD}.Release|Any CPU.ActiveCfg = Release|Any CPU
		{438294F7-7612-4190-A769-EFA5F34118DD}.Release|Any CPU.Build.0 = Release|Any CPU
		{438294F7-7612-4190-A769-EFA5F34118DD}.QA|Any CPU.ActiveCfg = QA|Any CPU
		{438294F7-7612-4190-A769-EFA5F34118DD}.QA|Any CPU.Build.0 = QA|Any CPU
		{623F3B3A-4C40-40C7-94C1-DBD7CD928CC4}.Debug|Any CPU.ActiveCfg = Debug|Any CPU
		{623F3B3A-4C40-40C7-94C1-DBD7CD928CC4}.Debug|Any CPU.Build.0 = Debug|Any CPU
		{623F3B3A-4C40-40C7-94C1-DBD7CD928CC4}.Release|Any CPU.ActiveCfg = Release|Any CPU
		{623F3B3A-4C40-40C7-94C1-DBD7CD928CC4}.Release|Any CPU.Build.0 = Release|Any CPU
		{623F3B3A-4C40-40C7-94C1-DBD7CD928CC4}.QA|Any CPU.ActiveCfg = QA|Any CPU
		{623F3B3A-4C40-40C7-94C1-DBD7CD928CC4}.QA|Any CPU.Build.0 = QA|Any CPU
		{2362CB3D-B69D-4C2D-B873-685F81140D1B}.Debug|Any CPU.ActiveCfg = Debug|Any CPU
		{2362CB3D-B69D-4C2D-B873-685F81140D1B}.Debug|Any CPU.Build.0 = Debug|Any CPU
		{2362CB3D-B69D-4C2D-B873-685F81140D1B}.Release|Any CPU.ActiveCfg = Release|Any CPU
		{2362CB3D-B69D-4C2D-B873-685F81140D1B}.Release|Any CPU.Build.0 = Release|Any CPU
		{2362CB3D-B69D-4C2D-B873-685F81140D1B}.QA|Any CPU.ActiveCfg = QA|Any CPU
		{2362CB3D-B69D-4C2D-B873-685F81140D1B}.QA|Any CPU.Build.0 = QA|Any CPU
		{D0B23D3B-F2E0-4B38-8864-F3FF60EE115B}.Debug|Any CPU.ActiveCfg = Debug|Any CPU
		{D0B23D3B-F2E0-4B38-8864-F3FF60EE115B}.Debug|Any CPU.Build.0 = Debug|Any CPU
		{D0B23D3B-F2E0-4B38-8864-F3FF60EE115B}.Release|Any CPU.ActiveCfg = Release|Any CPU
		{D0B23D3B-F2E0-4B38-8864-F3FF60EE115B}.Release|Any CPU.Build.0 = Release|Any CPU
		{D0B23D3B-F2E0-4B38-8864-F3FF60EE115B}.QA|Any CPU.ActiveCfg = QA|Any CPU
		{D0B23D3B-F2E0-4B38-8864-F3FF60EE115B}.QA|Any CPU.Build.0 = QA|Any CPU
	EndGlobalSection
	GlobalSection(SolutionProperties) = preSolution
		HideSolutionNode = FALSE
	EndGlobalSection
	GlobalSection(ExtensibilityGlobals) = postSolution
		SolutionGuid = {B7E24803-37F3-415B-ACCB-8EF1DA2AC013}
	EndGlobalSection
EndGlobal
