
Microsoft Visual Studio Solution File, Format Version 12.00
Project("{FAE04EC0-301F-11D3-BF4B-00C04F79EFBC}") = "Lab.MassTransit.WebAPI", "Lab.MassTransit.WebAPI\Lab.MassTransit.WebAPI.csproj", "{626813B6-52DA-479B-A50B-94E364E63F3C}"
EndProject
Project("{2150E333-8FDC-42A3-9474-1A3956D46DE8}") = "Solution Items", "Solution Items", "{34BE7295-45E2-45CE-997C-3A9F533583A5}"
	ProjectSection(SolutionItems) = preProject
		docker-compose.yml = docker-compose.yml
	EndProjectSection
EndProject
Project("{FAE04EC0-301F-11D3-BF4B-00C04F79EFBC}") = "Lab.MassTransit.Producer", "Lab.MassTransit.Producer\Lab.MassTransit.Producer.csproj", "{ACD7F925-218F-4D54-B275-46F8CEB09D24}"
EndProject
Project("{FAE04EC0-301F-11D3-BF4B-00C04F79EFBC}") = "Consumer", "Consumer\Consumer.csproj", "{EB047813-167A-45E5-BFE3-BC11DBECFC25}"
EndProject
Project("{FAE04EC0-301F-11D3-BF4B-00C04F79EFBC}") = "Producer", "Producer\Producer.csproj", "{8D064162-1E9B-4D63-A6F5-4A528B6FECC5}"
EndProject
Project("{FAE04EC0-301F-11D3-BF4B-00C04F79EFBC}") = "Message", "Message\Message.csproj", "{22B7AE06-65AE-4234-9484-11A6FF7AD413}"
EndProject
Global
	GlobalSection(SolutionConfigurationPlatforms) = preSolution
		Debug|Any CPU = Debug|Any CPU
		Release|Any CPU = Release|Any CPU
	EndGlobalSection
	GlobalSection(ProjectConfigurationPlatforms) = postSolution
		{626813B6-52DA-479B-A50B-94E364E63F3C}.Debug|Any CPU.ActiveCfg = Debug|Any CPU
		{626813B6-52DA-479B-A50B-94E364E63F3C}.Debug|Any CPU.Build.0 = Debug|Any CPU
		{626813B6-52DA-479B-A50B-94E364E63F3C}.Release|Any CPU.ActiveCfg = Release|Any CPU
		{626813B6-52DA-479B-A50B-94E364E63F3C}.Release|Any CPU.Build.0 = Release|Any CPU
		{ACD7F925-218F-4D54-B275-46F8CEB09D24}.Debug|Any CPU.ActiveCfg = Debug|Any CPU
		{ACD7F925-218F-4D54-B275-46F8CEB09D24}.Debug|Any CPU.Build.0 = Debug|Any CPU
		{ACD7F925-218F-4D54-B275-46F8CEB09D24}.Release|Any CPU.ActiveCfg = Release|Any CPU
		{ACD7F925-218F-4D54-B275-46F8CEB09D24}.Release|Any CPU.Build.0 = Release|Any CPU
		{EB047813-167A-45E5-BFE3-BC11DBECFC25}.Debug|Any CPU.ActiveCfg = Debug|Any CPU
		{EB047813-167A-45E5-BFE3-BC11DBECFC25}.Debug|Any CPU.Build.0 = Debug|Any CPU
		{EB047813-167A-45E5-BFE3-BC11DBECFC25}.Release|Any CPU.ActiveCfg = Release|Any CPU
		{EB047813-167A-45E5-BFE3-BC11DBECFC25}.Release|Any CPU.Build.0 = Release|Any CPU
		{8D064162-1E9B-4D63-A6F5-4A528B6FECC5}.Debug|Any CPU.ActiveCfg = Debug|Any CPU
		{8D064162-1E9B-4D63-A6F5-4A528B6FECC5}.Debug|Any CPU.Build.0 = Debug|Any CPU
		{8D064162-1E9B-4D63-A6F5-4A528B6FECC5}.Release|Any CPU.ActiveCfg = Release|Any CPU
		{8D064162-1E9B-4D63-A6F5-4A528B6FECC5}.Release|Any CPU.Build.0 = Release|Any CPU
		{22B7AE06-65AE-4234-9484-11A6FF7AD413}.Debug|Any CPU.ActiveCfg = Debug|Any CPU
		{22B7AE06-65AE-4234-9484-11A6FF7AD413}.Debug|Any CPU.Build.0 = Debug|Any CPU
		{22B7AE06-65AE-4234-9484-11A6FF7AD413}.Release|Any CPU.ActiveCfg = Release|Any CPU
		{22B7AE06-65AE-4234-9484-11A6FF7AD413}.Release|Any CPU.Build.0 = Release|Any CPU
	EndGlobalSection
EndGlobal
