
Microsoft Visual Studio Solution File, Format Version 12.00
# Visual Studio Version 16
VisualStudioVersion = 16.0.29025.244
MinimumVisualStudioVersion = 10.0.40219.1
Project("{FAE04EC0-301F-11D3-BF4B-00C04F79EFBC}") = "Client", "Client\Client.csproj", "{15E36498-2A57-41F7-AA5F-EF20C4E41233}"
EndProject
Project("{FAE04EC0-301F-11D3-BF4B-00C04F79EFBC}") = "Server1", "Server1\Server1.csproj", "{5C23ED12-F757-47F5-A481-AA481F22A1C8}"
EndProject
Project("{FAE04EC0-301F-11D3-BF4B-00C04F79EFBC}") = "Server2", "Server2\Server2.csproj", "{B7381C28-04FA-468A-B86B-98D24D2FA4D0}"
EndProject
Global
	GlobalSection(SolutionConfigurationPlatforms) = preSolution
		Debug|Any CPU = Debug|Any CPU
		Release|Any CPU = Release|Any CPU
	EndGlobalSection
	GlobalSection(ProjectConfigurationPlatforms) = postSolution
		{15E36498-2A57-41F7-AA5F-EF20C4E41233}.Debug|Any CPU.ActiveCfg = Debug|Any CPU
		{15E36498-2A57-41F7-AA5F-EF20C4E41233}.Debug|Any CPU.Build.0 = Debug|Any CPU
		{15E36498-2A57-41F7-AA5F-EF20C4E41233}.Release|Any CPU.ActiveCfg = Release|Any CPU
		{15E36498-2A57-41F7-AA5F-EF20C4E41233}.Release|Any CPU.Build.0 = Release|Any CPU
		{5C23ED12-F757-47F5-A481-AA481F22A1C8}.Debug|Any CPU.ActiveCfg = Debug|Any CPU
		{5C23ED12-F757-47F5-A481-AA481F22A1C8}.Debug|Any CPU.Build.0 = Debug|Any CPU
		{5C23ED12-F757-47F5-A481-AA481F22A1C8}.Release|Any CPU.ActiveCfg = Release|Any CPU
		{5C23ED12-F757-47F5-A481-AA481F22A1C8}.Release|Any CPU.Build.0 = Release|Any CPU
		{B7381C28-04FA-468A-B86B-98D24D2FA4D0}.Debug|Any CPU.ActiveCfg = Debug|Any CPU
		{B7381C28-04FA-468A-B86B-98D24D2FA4D0}.Debug|Any CPU.Build.0 = Debug|Any CPU
		{B7381C28-04FA-468A-B86B-98D24D2FA4D0}.Release|Any CPU.ActiveCfg = Release|Any CPU
		{B7381C28-04FA-468A-B86B-98D24D2FA4D0}.Release|Any CPU.Build.0 = Release|Any CPU
	EndGlobalSection
	GlobalSection(SolutionProperties) = preSolution
		HideSolutionNode = FALSE
	EndGlobalSection
	GlobalSection(ExtensibilityGlobals) = postSolution
		SolutionGuid = {B67E4ECB-1FD7-4881-B7FA-BA419BC3D8DB}
	EndGlobalSection
EndGlobal
