
Microsoft Visual Studio Solution File, Format Version 12.00
Project("{FAE04EC0-301F-11D3-BF4B-00C04F79EFBC}") = "Lab.RazorTemplate", "Lab.RazorTemplate\Lab.RazorTemplate.csproj", "{4AC18C9C-3D58-4CD8-99D2-EA5C1ED9B1EA}"
EndProject
Project("{FAE04EC0-301F-11D3-BF4B-00C04F79EFBC}") = "Lab.RazorTemplate.Test", "Lab.RazorTemplate.Test\Lab.RazorTemplate.Test.csproj", "{9FA27B86-E221-4D17-866F-DE5B2ED983CA}"
EndProject
Global
	GlobalSection(SolutionConfigurationPlatforms) = preSolution
		Debug|Any CPU = Debug|Any CPU
		Release|Any CPU = Release|Any CPU
	EndGlobalSection
	GlobalSection(ProjectConfigurationPlatforms) = postSolution
		{4AC18C9C-3D58-4CD8-99D2-EA5C1ED9B1EA}.Debug|Any CPU.ActiveCfg = Debug|Any CPU
		{4AC18C9C-3D58-4CD8-99D2-EA5C1ED9B1EA}.Debug|Any CPU.Build.0 = Debug|Any CPU
		{4AC18C9C-3D58-4CD8-99D2-EA5C1ED9B1EA}.Release|Any CPU.ActiveCfg = Release|Any CPU
		{4AC18C9C-3D58-4CD8-99D2-EA5C1ED9B1EA}.Release|Any CPU.Build.0 = Release|Any CPU
		{9FA27B86-E221-4D17-866F-DE5B2ED983CA}.Debug|Any CPU.ActiveCfg = Debug|Any CPU
		{9FA27B86-E221-4D17-866F-DE5B2ED983CA}.Debug|Any CPU.Build.0 = Debug|Any CPU
		{9FA27B86-E221-4D17-866F-DE5B2ED983CA}.Release|Any CPU.ActiveCfg = Release|Any CPU
		{9FA27B86-E221-4D17-866F-DE5B2ED983CA}.Release|Any CPU.Build.0 = Release|Any CPU
	EndGlobalSection
EndGlobal
