
Microsoft Visual Studio Solution File, Format Version 12.00
Project("{FAE04EC0-301F-11D3-BF4B-00C04F79EFBC}") = "Lab.EFCoreBulk", "Lab.EFCoreBulk\Lab.EFCoreBulk.csproj", "{3C9700D7-3563-4C7B-9EF4-A7EE512993DC}"
EndProject
Project("{FAE04EC0-301F-11D3-BF4B-00C04F79EFBC}") = "Lab.EFCoreBulk.UnitTest", "Lab.EFCoreBulk.UnitTest\Lab.EFCoreBulk.UnitTest.csproj", "{73344F9D-E263-4EE9-8193-F23343731E56}"
EndProject
Project("{2150E333-8FDC-42A3-9474-1A3956D46DE8}") = "global", "global", "{1F776B7D-C182-4DC3-BA57-844657BD9AC0}"
	ProjectSection(SolutionItems) = preProject
		docker-compose.yml = docker-compose.yml
	EndProjectSection
EndProject
Project("{2150E333-8FDC-42A3-9474-1A3956D46DE8}") = "src", "src", "{3B774B51-B4E4-4F3F-9E1F-43E4A620245A}"
EndProject
Global
	GlobalSection(SolutionConfigurationPlatforms) = preSolution
		Debug|Any CPU = Debug|Any CPU
		Release|Any CPU = Release|Any CPU
	EndGlobalSection
	GlobalSection(ProjectConfigurationPlatforms) = postSolution
		{3C9700D7-3563-4C7B-9EF4-A7EE512993DC}.Debug|Any CPU.ActiveCfg = Debug|Any CPU
		{3C9700D7-3563-4C7B-9EF4-A7EE512993DC}.Debug|Any CPU.Build.0 = Debug|Any CPU
		{3C9700D7-3563-4C7B-9EF4-A7EE512993DC}.Release|Any CPU.ActiveCfg = Release|Any CPU
		{3C9700D7-3563-4C7B-9EF4-A7EE512993DC}.Release|Any CPU.Build.0 = Release|Any CPU
		{73344F9D-E263-4EE9-8193-F23343731E56}.Debug|Any CPU.ActiveCfg = Debug|Any CPU
		{73344F9D-E263-4EE9-8193-F23343731E56}.Debug|Any CPU.Build.0 = Debug|Any CPU
		{73344F9D-E263-4EE9-8193-F23343731E56}.Release|Any CPU.ActiveCfg = Release|Any CPU
		{73344F9D-E263-4EE9-8193-F23343731E56}.Release|Any CPU.Build.0 = Release|Any CPU
	EndGlobalSection
	GlobalSection(NestedProjects) = preSolution
		{3C9700D7-3563-4C7B-9EF4-A7EE512993DC} = {3B774B51-B4E4-4F3F-9E1F-43E4A620245A}
		{73344F9D-E263-4EE9-8193-F23343731E56} = {3B774B51-B4E4-4F3F-9E1F-43E4A620245A}
	EndGlobalSection
EndGlobal
