
Microsoft Visual Studio Solution File, Format Version 12.00
# Visual Studio Version 16
VisualStudioVersion = 16.0.30114.105
MinimumVisualStudioVersion = 10.0.40219.1
Project("{FAE04EC0-301F-11D3-BF4B-00C04F79EFBC}") = "EF6", "EF6\EF6.csproj", "{FD492DEF-7E59-4B99-AF5A-AEF4643CD339}"
EndProject
Project("{9A19103F-16F7-4668-BE54-9A1E7A4F7556}") = "EFCore3", "EFCore3\EFCore3.csproj", "{0384CEDA-6074-4CF5-BF3A-3F3B601FDC38}"
EndProject
Global
	GlobalSection(SolutionConfigurationPlatforms) = preSolution
		Debug|Any CPU = Debug|Any CPU
		Release|Any CPU = Release|Any CPU
	EndGlobalSection
	GlobalSection(ProjectConfigurationPlatforms) = postSolution
		{FD492DEF-7E59-4B99-AF5A-AEF4643CD339}.Debug|Any CPU.ActiveCfg = Debug|Any CPU
		{FD492DEF-7E59-4B99-AF5A-AEF4643CD339}.Debug|Any CPU.Build.0 = Debug|Any CPU
		{FD492DEF-7E59-4B99-AF5A-AEF4643CD339}.Release|Any CPU.ActiveCfg = Release|Any CPU
		{FD492DEF-7E59-4B99-AF5A-AEF4643CD339}.Release|Any CPU.Build.0 = Release|Any CPU
		{0384CEDA-6074-4CF5-BF3A-3F3B601FDC38}.Debug|Any CPU.ActiveCfg = Debug|Any CPU
		{0384CEDA-6074-4CF5-BF3A-3F3B601FDC38}.Debug|Any CPU.Build.0 = Debug|Any CPU
		{0384CEDA-6074-4CF5-BF3A-3F3B601FDC38}.Release|Any CPU.ActiveCfg = Release|Any CPU
		{0384CEDA-6074-4CF5-BF3A-3F3B601FDC38}.Release|Any CPU.Build.0 = Release|Any CPU
	EndGlobalSection
	GlobalSection(SolutionProperties) = preSolution
		HideSolutionNode = FALSE
	EndGlobalSection
	GlobalSection(ExtensibilityGlobals) = postSolution
		SolutionGuid = {99B783C5-87C7-4EAB-BD85-8EFAB024CF6E}
	EndGlobalSection
EndGlobal
