
Microsoft Visual Studio Solution File, Format Version 12.00
# Visual Studio 15
VisualStudioVersion = 15.0.28307.1145
MinimumVisualStudioVersion = 10.0.40219.1
Project("{FAE04EC0-301F-11D3-BF4B-00C04F79EFBC}") = "EF6", "EF6\EF6.csproj", "{FD492DEF-7E59-4B99-AF5A-AEF4643CD339}"
EndProject
Global
	GlobalSection(SolutionConfigurationPlatforms) = preSolution
		Debug|Any CPU = Debug|Any CPU
		Release|Any CPU = Release|Any CPU
	EndGlobalSection
	GlobalSection(ProjectConfigurationPlatforms) = postSolution
		{FD492DEF-7E59-4B99-AF5A-AEF4643CD339}.Debug|Any CPU.ActiveCfg = Debug|Any CPU
		{FD492DEF-7E59-4B99-AF5A-AEF4643CD339}.Debug|Any CPU.Build.0 = Debug|Any CPU
		{FD492DEF-7E59-4B99-AF5A-AEF4643CD339}.Release|Any CPU.ActiveCfg = Release|Any CPU
		{FD492DEF-7E59-4B99-AF5A-AEF4643CD339}.Release|Any CPU.Build.0 = Release|Any CPU
	EndGlobalSection
	GlobalSection(SolutionProperties) = preSolution
		HideSolutionNode = FALSE
	EndGlobalSection
	GlobalSection(ExtensibilityGlobals) = postSolution
		SolutionGuid = {99B783C5-87C7-4EAB-BD85-8EFAB024CF6E}
	EndGlobalSection
EndGlobal
