
Microsoft Visual Studio Solution File, Format Version 12.00
# Visual Studio Version 16
VisualStudioVersion = 16.0.30717.126
MinimumVisualStudioVersion = 10.0.40219.1
Project("{FAE04EC0-301F-11D3-BF4B-00C04F79EFBC}") = "Lab.WinFormNet48", "Lab.WinFormNet48\Lab.WinFormNet48.csproj", "{9BAE33BF-0589-43FC-9E66-FE6952440030}"
EndProject
Global
	GlobalSection(SolutionConfigurationPlatforms) = preSolution
		Debug|Any CPU = Debug|Any CPU
		Release|Any CPU = Release|Any CPU
	EndGlobalSection
	GlobalSection(ProjectConfigurationPlatforms) = postSolution
		{9BAE33BF-0589-43FC-9E66-FE6952440030}.Debug|Any CPU.ActiveCfg = Debug|Any CPU
		{9BAE33BF-0589-43FC-9E66-FE6952440030}.Debug|Any CPU.Build.0 = Debug|Any CPU
		{9BAE33BF-0589-43FC-9E66-FE6952440030}.Release|Any CPU.ActiveCfg = Release|Any CPU
		{9BAE33BF-0589-43FC-9E66-FE6952440030}.Release|Any CPU.Build.0 = Release|Any CPU
	EndGlobalSection
	GlobalSection(SolutionProperties) = preSolution
		HideSolutionNode = FALSE
	EndGlobalSection
	GlobalSection(ExtensibilityGlobals) = postSolution
		SolutionGuid = {3AA9FCA9-9EFC-46AB-B27F-0FA2678173BD}
	EndGlobalSection
EndGlobal
