
Microsoft Visual Studio Solution File, Format Version 12.00
Project("{FAE04EC0-301F-11D3-BF4B-00C04F79EFBC}") = "Lab.ConfigBind.TestProject", "Lab.ConfigBind.TestProject\Lab.ConfigBind.TestProject.csproj", "{3733D824-84BE-4993-A321-7DECC340FA64}"
EndProject
Global
	GlobalSection(SolutionConfigurationPlatforms) = preSolution
		Debug|Any CPU = Debug|Any CPU
		Release|Any CPU = Release|Any CPU
	EndGlobalSection
	GlobalSection(ProjectConfigurationPlatforms) = postSolution
		{3733D824-84BE-4993-A321-7DECC340FA64}.Debug|Any CPU.ActiveCfg = Debug|Any CPU
		{3733D824-84BE-4993-A321-7DECC340FA64}.Debug|Any CPU.Build.0 = Debug|Any CPU
		{3733D824-84BE-4993-A321-7DECC340FA64}.Release|Any CPU.ActiveCfg = Release|Any CPU
		{3733D824-84BE-4993-A321-7DECC340FA64}.Release|Any CPU.Build.0 = Release|Any CPU
	EndGlobalSection
EndGlobal
