
Microsoft Visual Studio Solution File, Format Version 12.00
# Visual Studio Version 16
VisualStudioVersion = 16.0.29709.97
MinimumVisualStudioVersion = 10.0.40219.1
Project("{FAE04EC0-301F-11D3-BF4B-00C04F79EFBC}") = "Lab.SelfHost.NET4", "Lab.SelfHost.NET4.csproj", "{1A329D59-A5F3-449E-BD3F-DAB4EAC0A7CC}"
EndProject
Global
	GlobalSection(SolutionConfigurationPlatforms) = preSolution
		Debug|Any CPU = Debug|Any CPU
		Release|Any CPU = Release|Any CPU
	EndGlobalSection
	GlobalSection(ProjectConfigurationPlatforms) = postSolution
		{1A329D59-A5F3-449E-BD3F-DAB4EAC0A7CC}.Debug|Any CPU.ActiveCfg = Debug|Any CPU
		{1A329D59-A5F3-449E-BD3F-DAB4EAC0A7CC}.Debug|Any CPU.Build.0 = Debug|Any CPU
		{1A329D59-A5F3-449E-BD3F-DAB4EAC0A7CC}.Release|Any CPU.ActiveCfg = Release|Any CPU
		{1A329D59-A5F3-449E-BD3F-DAB4EAC0A7CC}.Release|Any CPU.Build.0 = Release|Any CPU
	EndGlobalSection
	GlobalSection(SolutionProperties) = preSolution
		HideSolutionNode = FALSE
	EndGlobalSection
	GlobalSection(ExtensibilityGlobals) = postSolution
		SolutionGuid = {D1DAE466-E319-4629-916B-F7BC12756DF9}
	EndGlobalSection
EndGlobal
