
Microsoft Visual Studio Solution File, Format Version 12.00
Project("{FAE04EC0-301F-11D3-BF4B-00C04F79EFBC}") = "Lab.TestContainers.Test", "Lab.TestContainers.Test\Lab.TestContainers.Test.csproj", "{71FF0299-AB51-4871-A05F-162C9DEC3790}"
EndProject
Project("{FAE04EC0-301F-11D3-BF4B-00C04F79EFBC}") = "Lab.TestContainers.WebApi", "Lab.TestContainers.WebApi\Lab.TestContainers.WebApi.csproj", "{DD417E0D-2DCD-4AA8-8E8C-C05E32AD7CF4}"
EndProject
Global
	GlobalSection(SolutionConfigurationPlatforms) = preSolution
		Debug|Any CPU = Debug|Any CPU
		Release|Any CPU = Release|Any CPU
	EndGlobalSection
	GlobalSection(ProjectConfigurationPlatforms) = postSolution
		{71FF0299-AB51-4871-A05F-162C9DEC3790}.Debug|Any CPU.ActiveCfg = Debug|Any CPU
		{71FF0299-AB51-4871-A05F-162C9DEC3790}.Debug|Any CPU.Build.0 = Debug|Any CPU
		{71FF0299-AB51-4871-A05F-162C9DEC3790}.Release|Any CPU.ActiveCfg = Release|Any CPU
		{71FF0299-AB51-4871-A05F-162C9DEC3790}.Release|Any CPU.Build.0 = Release|Any CPU
		{DD417E0D-2DCD-4AA8-8E8C-C05E32AD7CF4}.Debug|Any CPU.ActiveCfg = Debug|Any CPU
		{DD417E0D-2DCD-4AA8-8E8C-C05E32AD7CF4}.Debug|Any CPU.Build.0 = Debug|Any CPU
		{DD417E0D-2DCD-4AA8-8E8C-C05E32AD7CF4}.Release|Any CPU.ActiveCfg = Release|Any CPU
		{DD417E0D-2DCD-4AA8-8E8C-C05E32AD7CF4}.Release|Any CPU.Build.0 = Release|Any CPU
	EndGlobalSection
EndGlobal
