
Microsoft Visual Studio Solution File, Format Version 12.00
# Visual Studio 15
VisualStudioVersion = 15.0.28307.168
MinimumVisualStudioVersion = 10.0.40219.1
Project("{FAE04EC0-301F-11D3-BF4B-00C04F79EFBC}") = "UnitTestProject1", "UnitTestProject1\UnitTestProject1.csproj", "{D2CEE2D8-29ED-4370-AA38-9244AAC595DB}"
EndProject
Global
	GlobalSection(SolutionConfigurationPlatforms) = preSolution
		Debug|Any CPU = Debug|Any CPU
		Release|Any CPU = Release|Any CPU
	EndGlobalSection
	GlobalSection(ProjectConfigurationPlatforms) = postSolution
		{D2CEE2D8-29ED-4370-AA38-9244AAC595DB}.Debug|Any CPU.ActiveCfg = Debug|Any CPU
		{D2CEE2D8-29ED-4370-AA38-9244AAC595DB}.Debug|Any CPU.Build.0 = Debug|Any CPU
		{D2CEE2D8-29ED-4370-AA38-9244AAC595DB}.Release|Any CPU.ActiveCfg = Release|Any CPU
		{D2CEE2D8-29ED-4370-AA38-9244AAC595DB}.Release|Any CPU.Build.0 = Release|Any CPU
	EndGlobalSection
	GlobalSection(SolutionProperties) = preSolution
		HideSolutionNode = FALSE
	EndGlobalSection
	GlobalSection(ExtensibilityGlobals) = postSolution
		SolutionGuid = {2657435D-9D4D-406E-8115-A741236902E5}
	EndGlobalSection
EndGlobal
