
Microsoft Visual Studio Solution File, Format Version 12.00
# Visual Studio 15
VisualStudioVersion = 15.0.28307.271
MinimumVisualStudioVersion = 10.0.40219.1
Project("{FAE04EC0-301F-11D3-BF4B-00C04F79EFBC}") = "Server", "Server\Server.csproj", "{B6DFD912-2B76-4A75-8AF3-B5596835533D}"
EndProject
Project("{FAE04EC0-301F-11D3-BF4B-00C04F79EFBC}") = "Client", "Client\Client.csproj", "{7F221031-DB0A-4D43-8E57-7201A62E25CA}"
EndProject
Project("{FAE04EC0-301F-11D3-BF4B-00C04F79EFBC}") = "ServerSwashbuckle", "ServerSwashbuckle\ServerSwashbuckle.csproj", "{B38DCABE-DD78-46EF-93A3-3DE52FE06230}"
EndProject
Global
	GlobalSection(SolutionConfigurationPlatforms) = preSolution
		Debug|Any CPU = Debug|Any CPU
		Release|Any CPU = Release|Any CPU
	EndGlobalSection
	GlobalSection(ProjectConfigurationPlatforms) = postSolution
		{B6DFD912-2B76-4A75-8AF3-B5596835533D}.Debug|Any CPU.ActiveCfg = Debug|Any CPU
		{B6DFD912-2B76-4A75-8AF3-B5596835533D}.Debug|Any CPU.Build.0 = Debug|Any CPU
		{B6DFD912-2B76-4A75-8AF3-B5596835533D}.Release|Any CPU.ActiveCfg = Release|Any CPU
		{B6DFD912-2B76-4A75-8AF3-B5596835533D}.Release|Any CPU.Build.0 = Release|Any CPU
		{7F221031-DB0A-4D43-8E57-7201A62E25CA}.Debug|Any CPU.ActiveCfg = Debug|Any CPU
		{7F221031-DB0A-4D43-8E57-7201A62E25CA}.Debug|Any CPU.Build.0 = Debug|Any CPU
		{7F221031-DB0A-4D43-8E57-7201A62E25CA}.Release|Any CPU.ActiveCfg = Release|Any CPU
		{7F221031-DB0A-4D43-8E57-7201A62E25CA}.Release|Any CPU.Build.0 = Release|Any CPU
		{B38DCABE-DD78-46EF-93A3-3DE52FE06230}.Debug|Any CPU.ActiveCfg = Debug|Any CPU
		{B38DCABE-DD78-46EF-93A3-3DE52FE06230}.Debug|Any CPU.Build.0 = Debug|Any CPU
		{B38DCABE-DD78-46EF-93A3-3DE52FE06230}.Release|Any CPU.ActiveCfg = Release|Any CPU
		{B38DCABE-DD78-46EF-93A3-3DE52FE06230}.Release|Any CPU.Build.0 = Release|Any CPU
	EndGlobalSection
	GlobalSection(SolutionProperties) = preSolution
		HideSolutionNode = FALSE
	EndGlobalSection
	GlobalSection(ExtensibilityGlobals) = postSolution
		SolutionGuid = {972BD226-B59C-4B85-A9A2-A0BD6DA648E4}
	EndGlobalSection
EndGlobal
