
Microsoft Visual Studio Solution File, Format Version 12.00
Project("{FAE04EC0-301F-11D3-BF4B-00C04F79EFBC}") = "Lab.FeatureToggle.WebAPI", "Lab.FeatureToggle.WebAPI\Lab.FeatureToggle.WebAPI.csproj", "{2CC9FEB5-2BF6-4E6A-998C-B26880EF3A72}"
EndProject
Project("{FAE04EC0-301F-11D3-BF4B-00C04F79EFBC}") = "Lab.FeatureToggle.TestProject", "Lab.FeatureToggle.TestProject\Lab.FeatureToggle.TestProject.csproj", "{B34F3DC3-E2D0-45A6-BE92-74DF131FE88B}"
EndProject
Global
	GlobalSection(SolutionConfigurationPlatforms) = preSolution
		Debug|Any CPU = Debug|Any CPU
		Release|Any CPU = Release|Any CPU
	EndGlobalSection
	GlobalSection(ProjectConfigurationPlatforms) = postSolution
		{2CC9FEB5-2BF6-4E6A-998C-B26880EF3A72}.Debug|Any CPU.ActiveCfg = Debug|Any CPU
		{2CC9FEB5-2BF6-4E6A-998C-B26880EF3A72}.Debug|Any CPU.Build.0 = Debug|Any CPU
		{2CC9FEB5-2BF6-4E6A-998C-B26880EF3A72}.Release|Any CPU.ActiveCfg = Release|Any CPU
		{2CC9FEB5-2BF6-4E6A-998C-B26880EF3A72}.Release|Any CPU.Build.0 = Release|Any CPU
		{B34F3DC3-E2D0-45A6-BE92-74DF131FE88B}.Debug|Any CPU.ActiveCfg = Debug|Any CPU
		{B34F3DC3-E2D0-45A6-BE92-74DF131FE88B}.Debug|Any CPU.Build.0 = Debug|Any CPU
		{B34F3DC3-E2D0-45A6-BE92-74DF131FE88B}.Release|Any CPU.ActiveCfg = Release|Any CPU
		{B34F3DC3-E2D0-45A6-BE92-74DF131FE88B}.Release|Any CPU.Build.0 = Release|Any CPU
	EndGlobalSection
EndGlobal
