
Microsoft Visual Studio Solution File, Format Version 12.00
# Visual Studio Version 16
VisualStudioVersion = 16.0.29709.97
MinimumVisualStudioVersion = 10.0.40219.1
Project("{FAE04EC0-301F-11D3-BF4B-00C04F79EFBC}") = "Lab.Security.BasicAuthentication", "Lab.Security.BasicAuthentication\Lab.Security.BasicAuthentication.csproj", "{3F78CD58-8931-40B2-8752-31BB71EE1023}"
EndProject
Global
	GlobalSection(SolutionConfigurationPlatforms) = preSolution
		Debug|Any CPU = Debug|Any CPU
		Release|Any CPU = Release|Any CPU
	EndGlobalSection
	GlobalSection(ProjectConfigurationPlatforms) = postSolution
		{3F78CD58-8931-40B2-8752-31BB71EE1023}.Debug|Any CPU.ActiveCfg = Debug|Any CPU
		{3F78CD58-8931-40B2-8752-31BB71EE1023}.Debug|Any CPU.Build.0 = Debug|Any CPU
		{3F78CD58-8931-40B2-8752-31BB71EE1023}.Release|Any CPU.ActiveCfg = Release|Any CPU
		{3F78CD58-8931-40B2-8752-31BB71EE1023}.Release|Any CPU.Build.0 = Release|Any CPU
	EndGlobalSection
	GlobalSection(SolutionProperties) = preSolution
		HideSolutionNode = FALSE
	EndGlobalSection
	GlobalSection(ExtensibilityGlobals) = postSolution
		SolutionGuid = {CE0BBFBF-057D-4F9B-8872-407B2F85A272}
	EndGlobalSection
EndGlobal
