
Microsoft Visual Studio Solution File, Format Version 12.00
# Visual Studio 15
VisualStudioVersion = 15.0.28307.572
MinimumVisualStudioVersion = 10.0.40219.1
Project("{FAE04EC0-301F-11D3-BF4B-00C04F79EFBC}") = "Lab.SafeContext.UniTest", "Lab.SafeContext\Lab.SafeContext.UniTest.csproj", "{DDF13B01-6F0A-4DBF-BF5F-20D8D3C0D875}"
EndProject
Global
	GlobalSection(SolutionConfigurationPlatforms) = preSolution
		Debug|Any CPU = Debug|Any CPU
		Release|Any CPU = Release|Any CPU
	EndGlobalSection
	GlobalSection(ProjectConfigurationPlatforms) = postSolution
		{DDF13B01-6F0A-4DBF-BF5F-20D8D3C0D875}.Debug|Any CPU.ActiveCfg = Debug|Any CPU
		{DDF13B01-6F0A-4DBF-BF5F-20D8D3C0D875}.Debug|Any CPU.Build.0 = Debug|Any CPU
		{DDF13B01-6F0A-4DBF-BF5F-20D8D3C0D875}.Release|Any CPU.ActiveCfg = Release|Any CPU
		{DDF13B01-6F0A-4DBF-BF5F-20D8D3C0D875}.Release|Any CPU.Build.0 = Release|Any CPU
	EndGlobalSection
	GlobalSection(SolutionProperties) = preSolution
		HideSolutionNode = FALSE
	EndGlobalSection
	GlobalSection(ExtensibilityGlobals) = postSolution
		SolutionGuid = {C536B1CB-4736-49D2-B3B9-2B6A51CB1B12}
	EndGlobalSection
EndGlobal
