
Microsoft Visual Studio Solution File, Format Version 12.00
Project("{2150E333-8FDC-42A3-9474-1A3956D46DE8}") = "test", "test", "{029D0395-F267-4B37-BFD7-D6CC61D0495B}"
EndProject
Project("{FAE04EC0-301F-11D3-BF4B-00C04F79EFBC}") = "Lab.NBomberTest", "test\Lab.NBomberTest\Lab.NBomberTest.csproj", "{90320F28-4CD0-4A7A-A95E-9F1D642EFF74}"
EndProject
Project("{2150E333-8FDC-42A3-9474-1A3956D46DE8}") = "src", "src", "{7C968F1D-D31D-4B7E-93AB-0D13DDA9AA34}"
EndProject
Project("{FAE04EC0-301F-11D3-BF4B-00C04F79EFBC}") = "Lab.NBomberTest.App", "src\Lab.NBomberTest.App\Lab.NBomberTest.App.csproj", "{7EF73F64-28FF-4F46-8331-431BDA6AC3EF}"
EndProject
Global
	GlobalSection(SolutionConfigurationPlatforms) = preSolution
		Debug|Any CPU = Debug|Any CPU
		Release|Any CPU = Release|Any CPU
	EndGlobalSection
	GlobalSection(NestedProjects) = preSolution
		{90320F28-4CD0-4A7A-A95E-9F1D642EFF74} = {029D0395-F267-4B37-BFD7-D6CC61D0495B}
		{7EF73F64-28FF-4F46-8331-431BDA6AC3EF} = {7C968F1D-D31D-4B7E-93AB-0D13DDA9AA34}
	EndGlobalSection
	GlobalSection(ProjectConfigurationPlatforms) = postSolution
		{90320F28-4CD0-4A7A-A95E-9F1D642EFF74}.Debug|Any CPU.ActiveCfg = Debug|Any CPU
		{90320F28-4CD0-4A7A-A95E-9F1D642EFF74}.Debug|Any CPU.Build.0 = Debug|Any CPU
		{90320F28-4CD0-4A7A-A95E-9F1D642EFF74}.Release|Any CPU.ActiveCfg = Release|Any CPU
		{90320F28-4CD0-4A7A-A95E-9F1D642EFF74}.Release|Any CPU.Build.0 = Release|Any CPU
		{7EF73F64-28FF-4F46-8331-431BDA6AC3EF}.Debug|Any CPU.ActiveCfg = Debug|Any CPU
		{7EF73F64-28FF-4F46-8331-431BDA6AC3EF}.Debug|Any CPU.Build.0 = Debug|Any CPU
		{7EF73F64-28FF-4F46-8331-431BDA6AC3EF}.Release|Any CPU.ActiveCfg = Release|Any CPU
		{7EF73F64-28FF-4F46-8331-431BDA6AC3EF}.Release|Any CPU.Build.0 = Release|Any CPU
	EndGlobalSection
EndGlobal
