
Microsoft Visual Studio Solution File, Format Version 12.00
# Visual Studio Version 16
VisualStudioVersion = 16.0.29728.190
MinimumVisualStudioVersion = 10.0.40219.1
Project("{FAE04EC0-301F-11D3-BF4B-00C04F79EFBC}") = "Lab.HangfireManagerJob", "Lab.HangfireManagerJob\Lab.HangfireManagerJob.csproj", "{81451610-3174-4246-93AD-8D7CAF166A48}"
EndProject
Project("{FAE04EC0-301F-11D3-BF4B-00C04F79EFBC}") = "Lab.HangfireManager", "Lab.HangfireManager\Lab.HangfireManager.csproj", "{2783C70D-9C48-4A84-A6C7-9C77BE900CC2}"
EndProject
Global
	GlobalSection(SolutionConfigurationPlatforms) = preSolution
		Debug|Any CPU = Debug|Any CPU
		Release|Any CPU = Release|Any CPU
	EndGlobalSection
	GlobalSection(ProjectConfigurationPlatforms) = postSolution
		{81451610-3174-4246-93AD-8D7CAF166A48}.Debug|Any CPU.ActiveCfg = Debug|Any CPU
		{81451610-3174-4246-93AD-8D7CAF166A48}.Debug|Any CPU.Build.0 = Debug|Any CPU
		{81451610-3174-4246-93AD-8D7CAF166A48}.Release|Any CPU.ActiveCfg = Release|Any CPU
		{81451610-3174-4246-93AD-8D7CAF166A48}.Release|Any CPU.Build.0 = Release|Any CPU
		{2783C70D-9C48-4A84-A6C7-9C77BE900CC2}.Debug|Any CPU.ActiveCfg = Debug|Any CPU
		{2783C70D-9C48-4A84-A6C7-9C77BE900CC2}.Debug|Any CPU.Build.0 = Debug|Any CPU
		{2783C70D-9C48-4A84-A6C7-9C77BE900CC2}.Release|Any CPU.ActiveCfg = Release|Any CPU
		{2783C70D-9C48-4A84-A6C7-9C77BE900CC2}.Release|Any CPU.Build.0 = Release|Any CPU
	EndGlobalSection
	GlobalSection(SolutionProperties) = preSolution
		HideSolutionNode = FALSE
	EndGlobalSection
	GlobalSection(ExtensibilityGlobals) = postSolution
		SolutionGuid = {AA3BC367-8EB1-41FE-8514-6B23419194F7}
	EndGlobalSection
EndGlobal
