
Microsoft Visual Studio Solution File, Format Version 12.00
# Visual Studio Version 16
VisualStudioVersion = 16.0.29728.190
MinimumVisualStudioVersion = 10.0.40219.1
Project("{FAE04EC0-301F-11D3-BF4B-00C04F79EFBC}") = "Lab.HangfireManagerJob", "Lab.HangfireManagerJob\Lab.HangfireManagerJob.csproj", "{81451610-3174-4246-93AD-8D7CAF166A48}"
EndProject
Project("{9A19103F-16F7-4668-BE54-9A1E7A4F7556}") = "Lab.HangfireManager.AspNetCore31", "Lab.HangfireManager.AspNetCore31\Lab.HangfireManager.AspNetCore31.csproj", "{3A5CC039-6E87-4BD0-965C-0B57F1BF0701}"
EndProject
Project("{9A19103F-16F7-4668-BE54-9A1E7A4F7556}") = "Lab.HangfireJob", "Lab.HangfireJob\Lab.HangfireJob.csproj", "{BE41D09C-5D43-40F8-BA67-D664B3E1CCCB}"
EndProject
Project("{FAE04EC0-301F-11D3-BF4B-00C04F79EFBC}") = "Lab.HangfireManager.AspNet48", "Lab.HangfireManager.AspNet48\Lab.HangfireManager.AspNet48.csproj", "{3557A7FC-16E2-45BC-9535-08ECC5119760}"
EndProject
Global
	GlobalSection(SolutionConfigurationPlatforms) = preSolution
		Debug|Any CPU = Debug|Any CPU
		Release|Any CPU = Release|Any CPU
	EndGlobalSection
	GlobalSection(ProjectConfigurationPlatforms) = postSolution
		{81451610-3174-4246-93AD-8D7CAF166A48}.Debug|Any CPU.ActiveCfg = Debug|Any CPU
		{81451610-3174-4246-93AD-8D7CAF166A48}.Debug|Any CPU.Build.0 = Debug|Any CPU
		{81451610-3174-4246-93AD-8D7CAF166A48}.Release|Any CPU.ActiveCfg = Release|Any CPU
		{81451610-3174-4246-93AD-8D7CAF166A48}.Release|Any CPU.Build.0 = Release|Any CPU
		{3A5CC039-6E87-4BD0-965C-0B57F1BF0701}.Debug|Any CPU.ActiveCfg = Debug|Any CPU
		{3A5CC039-6E87-4BD0-965C-0B57F1BF0701}.Debug|Any CPU.Build.0 = Debug|Any CPU
		{3A5CC039-6E87-4BD0-965C-0B57F1BF0701}.Release|Any CPU.ActiveCfg = Release|Any CPU
		{3A5CC039-6E87-4BD0-965C-0B57F1BF0701}.Release|Any CPU.Build.0 = Release|Any CPU
		{BE41D09C-5D43-40F8-BA67-D664B3E1CCCB}.Debug|Any CPU.ActiveCfg = Debug|Any CPU
		{BE41D09C-5D43-40F8-BA67-D664B3E1CCCB}.Debug|Any CPU.Build.0 = Debug|Any CPU
		{BE41D09C-5D43-40F8-BA67-D664B3E1CCCB}.Release|Any CPU.ActiveCfg = Release|Any CPU
		{BE41D09C-5D43-40F8-BA67-D664B3E1CCCB}.Release|Any CPU.Build.0 = Release|Any CPU
		{3557A7FC-16E2-45BC-9535-08ECC5119760}.Debug|Any CPU.ActiveCfg = Debug|Any CPU
		{3557A7FC-16E2-45BC-9535-08ECC5119760}.Debug|Any CPU.Build.0 = Debug|Any CPU
		{3557A7FC-16E2-45BC-9535-08ECC5119760}.Release|Any CPU.ActiveCfg = Release|Any CPU
		{3557A7FC-16E2-45BC-9535-08ECC5119760}.Release|Any CPU.Build.0 = Release|Any CPU
	EndGlobalSection
	GlobalSection(SolutionProperties) = preSolution
		HideSolutionNode = FALSE
	EndGlobalSection
	GlobalSection(ExtensibilityGlobals) = postSolution
		SolutionGuid = {AA3BC367-8EB1-41FE-8514-6B23419194F7}
	EndGlobalSection
EndGlobal
