
Microsoft Visual Studio Solution File, Format Version 12.00
Project("{FAE04EC0-301F-11D3-BF4B-00C04F79EFBC}") = "Lab.MiniExcelQuery.Test", "Lab.MiniExcelQuery.Test\Lab.MiniExcelQuery.Test.csproj", "{854528C7-3938-400B-B18A-4E3438BAB2EC}"
EndProject
Global
	GlobalSection(SolutionConfigurationPlatforms) = preSolution
		Debug|Any CPU = Debug|Any CPU
		Release|Any CPU = Release|Any CPU
	EndGlobalSection
	GlobalSection(ProjectConfigurationPlatforms) = postSolution
		{854528C7-3938-400B-B18A-4E3438BAB2EC}.Debug|Any CPU.ActiveCfg = Debug|Any CPU
		{854528C7-3938-400B-B18A-4E3438BAB2EC}.Debug|Any CPU.Build.0 = Debug|Any CPU
		{854528C7-3938-400B-B18A-4E3438BAB2EC}.Release|Any CPU.ActiveCfg = Release|Any CPU
		{854528C7-3938-400B-B18A-4E3438BAB2EC}.Release|Any CPU.Build.0 = Release|Any CPU
	EndGlobalSection
EndGlobal
