
Microsoft Visual Studio Solution File, Format Version 12.00
Project("{FAE04EC0-301F-11D3-BF4B-00C04F79EFBC}") = "Lab.Host.Env.ConsoleApp", "Lab.Host.Env.ConsoleApp\Lab.Host.Env.ConsoleApp.csproj", "{B7D0D873-72F9-455E-8012-2317E88A20A7}"
EndProject
Project("{FAE04EC0-301F-11D3-BF4B-00C04F79EFBC}") = "Lab.Host.Env.WebApi", "Lab.Host.Env.WebApi\Lab.Host.Env.WebApi.csproj", "{C290A555-D176-45BF-B037-1BA36AE7F776}"
EndProject
Global
	GlobalSection(SolutionConfigurationPlatforms) = preSolution
		Debug|Any CPU = Debug|Any CPU
		Release|Any CPU = Release|Any CPU
	EndGlobalSection
	GlobalSection(ProjectConfigurationPlatforms) = postSolution
		{B7D0D873-72F9-455E-8012-2317E88A20A7}.Debug|Any CPU.ActiveCfg = Debug|Any CPU
		{B7D0D873-72F9-455E-8012-2317E88A20A7}.Debug|Any CPU.Build.0 = Debug|Any CPU
		{B7D0D873-72F9-455E-8012-2317E88A20A7}.Release|Any CPU.ActiveCfg = Release|Any CPU
		{B7D0D873-72F9-455E-8012-2317E88A20A7}.Release|Any CPU.Build.0 = Release|Any CPU
		{C290A555-D176-45BF-B037-1BA36AE7F776}.Debug|Any CPU.ActiveCfg = Debug|Any CPU
		{C290A555-D176-45BF-B037-1BA36AE7F776}.Debug|Any CPU.Build.0 = Debug|Any CPU
		{C290A555-D176-45BF-B037-1BA36AE7F776}.Release|Any CPU.ActiveCfg = Release|Any CPU
		{C290A555-D176-45BF-B037-1BA36AE7F776}.Release|Any CPU.Build.0 = Release|Any CPU
	EndGlobalSection
EndGlobal
