
Microsoft Visual Studio Solution File, Format Version 12.00
# Visual Studio Version 16
VisualStudioVersion = 16.0.29025.244
MinimumVisualStudioVersion = 10.0.40219.1
Project("{FAE04EC0-301F-11D3-BF4B-00C04F79EFBC}") = "Server.UnitTest", "Server.UnitTest\Server.UnitTest.csproj", "{CDBD6959-3067-49DB-92E5-CA358724E046}"
EndProject
Project("{FAE04EC0-301F-11D3-BF4B-00C04F79EFBC}") = "Server2.UnitTest", "Server2.UnitTest\Server2.UnitTest.csproj", "{4D562BBC-0329-4BC0-A9CF-32E66A6C2531}"
EndProject
Project("{FAE04EC0-301F-11D3-BF4B-00C04F79EFBC}") = "Server3", "Server3\Server3.csproj", "{4F589A01-D56B-4E94-8E23-0915C1627F22}"
EndProject
Project("{FAE04EC0-301F-11D3-BF4B-00C04F79EFBC}") = "Server3.UnitTest", "Server3.UnitTest\Server3.UnitTest.csproj", "{E8B95857-35BE-483A-A7B6-D5A5F35A092C}"
EndProject
Global
	GlobalSection(SolutionConfigurationPlatforms) = preSolution
		Debug|Any CPU = Debug|Any CPU
		Release|Any CPU = Release|Any CPU
	EndGlobalSection
	GlobalSection(ProjectConfigurationPlatforms) = postSolution
		{CDBD6959-3067-49DB-92E5-CA358724E046}.Debug|Any CPU.ActiveCfg = Debug|Any CPU
		{CDBD6959-3067-49DB-92E5-CA358724E046}.Debug|Any CPU.Build.0 = Debug|Any CPU
		{CDBD6959-3067-49DB-92E5-CA358724E046}.Release|Any CPU.ActiveCfg = Release|Any CPU
		{CDBD6959-3067-49DB-92E5-CA358724E046}.Release|Any CPU.Build.0 = Release|Any CPU
		{4D562BBC-0329-4BC0-A9CF-32E66A6C2531}.Debug|Any CPU.ActiveCfg = Debug|Any CPU
		{4D562BBC-0329-4BC0-A9CF-32E66A6C2531}.Debug|Any CPU.Build.0 = Debug|Any CPU
		{4D562BBC-0329-4BC0-A9CF-32E66A6C2531}.Release|Any CPU.ActiveCfg = Release|Any CPU
		{4D562BBC-0329-4BC0-A9CF-32E66A6C2531}.Release|Any CPU.Build.0 = Release|Any CPU
		{4F589A01-D56B-4E94-8E23-0915C1627F22}.Debug|Any CPU.ActiveCfg = Debug|Any CPU
		{4F589A01-D56B-4E94-8E23-0915C1627F22}.Debug|Any CPU.Build.0 = Debug|Any CPU
		{4F589A01-D56B-4E94-8E23-0915C1627F22}.Release|Any CPU.ActiveCfg = Release|Any CPU
		{4F589A01-D56B-4E94-8E23-0915C1627F22}.Release|Any CPU.Build.0 = Release|Any CPU
		{E8B95857-35BE-483A-A7B6-D5A5F35A092C}.Debug|Any CPU.ActiveCfg = Debug|Any CPU
		{E8B95857-35BE-483A-A7B6-D5A5F35A092C}.Debug|Any CPU.Build.0 = Debug|Any CPU
		{E8B95857-35BE-483A-A7B6-D5A5F35A092C}.Release|Any CPU.ActiveCfg = Release|Any CPU
		{E8B95857-35BE-483A-A7B6-D5A5F35A092C}.Release|Any CPU.Build.0 = Release|Any CPU
	EndGlobalSection
	GlobalSection(SolutionProperties) = preSolution
		HideSolutionNode = FALSE
	EndGlobalSection
	GlobalSection(ExtensibilityGlobals) = postSolution
		SolutionGuid = {D2C2B59F-09E6-4539-B0EF-06940390B017}
	EndGlobalSection
EndGlobal
