
Microsoft Visual Studio Solution File, Format Version 12.00
# Visual Studio Version 16
VisualStudioVersion = 16.0.29728.190
MinimumVisualStudioVersion = 10.0.40219.1
Project("{FAE04EC0-301F-11D3-BF4B-00C04F79EFBC}") = "Lab.HangfireUnitTest", "Lab.HangfireUnitTest\Lab.HangfireUnitTest.csproj", "{2EDAEF25-FB41-4089-BF4D-DFC83F33595A}"
EndProject
Global
	GlobalSection(SolutionConfigurationPlatforms) = preSolution
		Debug|Any CPU = Debug|Any CPU
		Release|Any CPU = Release|Any CPU
	EndGlobalSection
	GlobalSection(ProjectConfigurationPlatforms) = postSolution
		{2EDAEF25-FB41-4089-BF4D-DFC83F33595A}.Debug|Any CPU.ActiveCfg = Debug|Any CPU
		{2EDAEF25-FB41-4089-BF4D-DFC83F33595A}.Debug|Any CPU.Build.0 = Debug|Any CPU
		{2EDAEF25-FB41-4089-BF4D-DFC83F33595A}.Release|Any CPU.ActiveCfg = Release|Any CPU
		{2EDAEF25-FB41-4089-BF4D-DFC83F33595A}.Release|Any CPU.Build.0 = Release|Any CPU
	EndGlobalSection
	GlobalSection(SolutionProperties) = preSolution
		HideSolutionNode = FALSE
	EndGlobalSection
	GlobalSection(ExtensibilityGlobals) = postSolution
		SolutionGuid = {424F2832-55A3-4AC2-BB59-14EF2407A666}
	EndGlobalSection
EndGlobal
