
Microsoft Visual Studio Solution File, Format Version 12.00
Project("{FAE04EC0-301F-11D3-BF4B-00C04F79EFBC}") = "Lab.JsonPartialCompare.Test", "Lab.JsonPartialCompare.Test\Lab.JsonPartialCompare.Test.csproj", "{FB77556E-4D63-4166-B97E-39BE135EAA88}"
EndProject
Global
	GlobalSection(SolutionConfigurationPlatforms) = preSolution
		Debug|Any CPU = Debug|Any CPU
		Release|Any CPU = Release|Any CPU
	EndGlobalSection
	GlobalSection(ProjectConfigurationPlatforms) = postSolution
		{FB77556E-4D63-4166-B97E-39BE135EAA88}.Debug|Any CPU.ActiveCfg = Debug|Any CPU
		{FB77556E-4D63-4166-B97E-39BE135EAA88}.Debug|Any CPU.Build.0 = Debug|Any CPU
		{FB77556E-4D63-4166-B97E-39BE135EAA88}.Release|Any CPU.ActiveCfg = Release|Any CPU
		{FB77556E-4D63-4166-B97E-39BE135EAA88}.Release|Any CPU.Build.0 = Release|Any CPU
	EndGlobalSection
EndGlobal
