
Microsoft Visual Studio Solution File, Format Version 12.00
# Visual Studio Version 16
VisualStudioVersion = 16.0.29709.97
MinimumVisualStudioVersion = 10.0.40219.1
Project("{FAE04EC0-301F-11D3-BF4B-00C04F79EFBC}") = "Lab.ServiceNet4", "Lab.ServiceNet4\Lab.ServiceNet4.csproj", "{BAE69AE2-9694-4771-947E-4FB375D8A89B}"
EndProject
Global
	GlobalSection(SolutionConfigurationPlatforms) = preSolution
		Debug|Any CPU = Debug|Any CPU
		Release|Any CPU = Release|Any CPU
	EndGlobalSection
	GlobalSection(ProjectConfigurationPlatforms) = postSolution
		{BAE69AE2-9694-4771-947E-4FB375D8A89B}.Debug|Any CPU.ActiveCfg = Debug|Any CPU
		{BAE69AE2-9694-4771-947E-4FB375D8A89B}.Debug|Any CPU.Build.0 = Debug|Any CPU
		{BAE69AE2-9694-4771-947E-4FB375D8A89B}.Release|Any CPU.ActiveCfg = Release|Any CPU
		{BAE69AE2-9694-4771-947E-4FB375D8A89B}.Release|Any CPU.Build.0 = Release|Any CPU
	EndGlobalSection
	GlobalSection(SolutionProperties) = preSolution
		HideSolutionNode = FALSE
	EndGlobalSection
	GlobalSection(ExtensibilityGlobals) = postSolution
		SolutionGuid = {2A0ED91E-5E87-46C3-85EE-F0A608DC4FC7}
	EndGlobalSection
EndGlobal
