
Microsoft Visual Studio Solution File, Format Version 12.00
Project("{FAE04EC0-301F-11D3-BF4B-00C04F79EFBC}") = "TestProject1", "TestProject1\TestProject1.csproj", "{8339C08B-EA55-4705-BA65-BA93ED6195DB}"
EndProject
Global
	GlobalSection(SolutionConfigurationPlatforms) = preSolution
		Debug|Any CPU = Debug|Any CPU
		Release|Any CPU = Release|Any CPU
	EndGlobalSection
	GlobalSection(ProjectConfigurationPlatforms) = postSolution
		{8339C08B-EA55-4705-BA65-BA93ED6195DB}.Debug|Any CPU.ActiveCfg = Debug|Any CPU
		{8339C08B-EA55-4705-BA65-BA93ED6195DB}.Debug|Any CPU.Build.0 = Debug|Any CPU
		{8339C08B-EA55-4705-BA65-BA93ED6195DB}.Release|Any CPU.ActiveCfg = Release|Any CPU
		{8339C08B-EA55-4705-BA65-BA93ED6195DB}.Release|Any CPU.Build.0 = Release|Any CPU
	EndGlobalSection
EndGlobal
