
Microsoft Visual Studio Solution File, Format Version 12.00
Project("{FAE04EC0-301F-11D3-BF4B-00C04F79EFBC}") = "TestProject1", "TestProject1\TestProject1.csproj", "{8339C08B-EA55-4705-BA65-BA93ED6195DB}"
EndProject
Project("{FAE04EC0-301F-11D3-BF4B-00C04F79EFBC}") = "Lab.Redis.Client", "Lab.Redis.Client\Lab.Redis.Client.csproj", "{27A19D5D-9E2F-4B8A-9516-2FFD77B1052B}"
EndProject
Project("{2150E333-8FDC-42A3-9474-1A3956D46DE8}") = "global", "global", "{2CC81745-AD2C-41A5-B7CB-5E2691440BAD}"
	ProjectSection(SolutionItems) = preProject
		..\Taskfile.yml = ..\Taskfile.yml
		..\docker-compose.yml = ..\docker-compose.yml
	EndProjectSection
EndProject
Global
	GlobalSection(SolutionConfigurationPlatforms) = preSolution
		Debug|Any CPU = Debug|Any CPU
		Release|Any CPU = Release|Any CPU
	EndGlobalSection
	GlobalSection(ProjectConfigurationPlatforms) = postSolution
		{8339C08B-EA55-4705-BA65-BA93ED6195DB}.Debug|Any CPU.ActiveCfg = Debug|Any CPU
		{8339C08B-EA55-4705-BA65-BA93ED6195DB}.Debug|Any CPU.Build.0 = Debug|Any CPU
		{8339C08B-EA55-4705-BA65-BA93ED6195DB}.Release|Any CPU.ActiveCfg = Release|Any CPU
		{8339C08B-EA55-4705-BA65-BA93ED6195DB}.Release|Any CPU.Build.0 = Release|Any CPU
		{27A19D5D-9E2F-4B8A-9516-2FFD77B1052B}.Debug|Any CPU.ActiveCfg = Debug|Any CPU
		{27A19D5D-9E2F-4B8A-9516-2FFD77B1052B}.Debug|Any CPU.Build.0 = Debug|Any CPU
		{27A19D5D-9E2F-4B8A-9516-2FFD77B1052B}.Release|Any CPU.ActiveCfg = Release|Any CPU
		{27A19D5D-9E2F-4B8A-9516-2FFD77B1052B}.Release|Any CPU.Build.0 = Release|Any CPU
	EndGlobalSection
EndGlobal
