
Microsoft Visual Studio Solution File, Format Version 12.00
# Visual Studio Version 16
VisualStudioVersion = 16.0.30503.244
MinimumVisualStudioVersion = 10.0.40219.1
Project("{FAE04EC0-301F-11D3-BF4B-00C04F79EFBC}") = "WinFormNet48", "WinFormNet48\WinFormNet48.csproj", "{FC5AA11A-0879-43D8-8E79-DFC37DE75FB8}"
EndProject
Project("{9A19103F-16F7-4668-BE54-9A1E7A4F7556}") = "WebApiNetCore31", "WebApiNetCore31\WebApiNetCore31.csproj", "{08C0CD22-F32B-4E54-BC60-AB6912C8D84F}"
EndProject
Project("{FAE04EC0-301F-11D3-BF4B-00C04F79EFBC}") = "WebApiNet48", "WebApiNet48\WebApiNet48.csproj", "{429D865C-EDE7-4EA1-BC51-9A5BCAB26BB8}"
EndProject
Project("{FAE04EC0-301F-11D3-BF4B-00C04F79EFBC}") = "Mvc5Net48", "Mvc5Net48\Mvc5Net48.csproj", "{F2A54284-B12E-4BB8-B57D-72196461E7E3}"
EndProject
Project("{FAE04EC0-301F-11D3-BF4B-00C04F79EFBC}") = "Mvc5Net48_1", "Mvc5Net48_1\Mvc5Net48_1.csproj", "{91B2AC8D-1516-4D84-AF08-D72A50854607}"
EndProject
Global
	GlobalSection(SolutionConfigurationPlatforms) = preSolution
		Debug|Any CPU = Debug|Any CPU
		Release|Any CPU = Release|Any CPU
	EndGlobalSection
	GlobalSection(ProjectConfigurationPlatforms) = postSolution
		{FC5AA11A-0879-43D8-8E79-DFC37DE75FB8}.Debug|Any CPU.ActiveCfg = Debug|Any CPU
		{FC5AA11A-0879-43D8-8E79-DFC37DE75FB8}.Debug|Any CPU.Build.0 = Debug|Any CPU
		{FC5AA11A-0879-43D8-8E79-DFC37DE75FB8}.Release|Any CPU.ActiveCfg = Release|Any CPU
		{FC5AA11A-0879-43D8-8E79-DFC37DE75FB8}.Release|Any CPU.Build.0 = Release|Any CPU
		{08C0CD22-F32B-4E54-BC60-AB6912C8D84F}.Debug|Any CPU.ActiveCfg = Debug|Any CPU
		{08C0CD22-F32B-4E54-BC60-AB6912C8D84F}.Debug|Any CPU.Build.0 = Debug|Any CPU
		{08C0CD22-F32B-4E54-BC60-AB6912C8D84F}.Release|Any CPU.ActiveCfg = Release|Any CPU
		{08C0CD22-F32B-4E54-BC60-AB6912C8D84F}.Release|Any CPU.Build.0 = Release|Any CPU
		{429D865C-EDE7-4EA1-BC51-9A5BCAB26BB8}.Debug|Any CPU.ActiveCfg = Debug|Any CPU
		{429D865C-EDE7-4EA1-BC51-9A5BCAB26BB8}.Debug|Any CPU.Build.0 = Debug|Any CPU
		{429D865C-EDE7-4EA1-BC51-9A5BCAB26BB8}.Release|Any CPU.ActiveCfg = Release|Any CPU
		{429D865C-EDE7-4EA1-BC51-9A5BCAB26BB8}.Release|Any CPU.Build.0 = Release|Any CPU
		{F2A54284-B12E-4BB8-B57D-72196461E7E3}.Debug|Any CPU.ActiveCfg = Debug|Any CPU
		{F2A54284-B12E-4BB8-B57D-72196461E7E3}.Debug|Any CPU.Build.0 = Debug|Any CPU
		{F2A54284-B12E-4BB8-B57D-72196461E7E3}.Release|Any CPU.ActiveCfg = Release|Any CPU
		{F2A54284-B12E-4BB8-B57D-72196461E7E3}.Release|Any CPU.Build.0 = Release|Any CPU
		{91B2AC8D-1516-4D84-AF08-D72A50854607}.Debug|Any CPU.ActiveCfg = Debug|Any CPU
		{91B2AC8D-1516-4D84-AF08-D72A50854607}.Debug|Any CPU.Build.0 = Debug|Any CPU
		{91B2AC8D-1516-4D84-AF08-D72A50854607}.Release|Any CPU.ActiveCfg = Release|Any CPU
		{91B2AC8D-1516-4D84-AF08-D72A50854607}.Release|Any CPU.Build.0 = Release|Any CPU
	EndGlobalSection
	GlobalSection(SolutionProperties) = preSolution
		HideSolutionNode = FALSE
	EndGlobalSection
	GlobalSection(ExtensibilityGlobals) = postSolution
		SolutionGuid = {49F395E2-6467-4209-955A-D361369FCEA6}
	EndGlobalSection
EndGlobal
