
Microsoft Visual Studio Solution File, Format Version 12.00
# Visual Studio 15
VisualStudioVersion = 15.0.28010.2026
MinimumVisualStudioVersion = 10.0.40219.1
Project("{FAE04EC0-301F-11D3-BF4B-00C04F79EFBC}") = "WindowsFormsApp1", "WindowsFormsApp1\WindowsFormsApp1.csproj", "{6869493B-81C8-457F-8FE7-4A3AABB6F36C}"
EndProject
Global
	GlobalSection(SolutionConfigurationPlatforms) = preSolution
		Debug|Any CPU = Debug|Any CPU
		Release|Any CPU = Release|Any CPU
	EndGlobalSection
	GlobalSection(ProjectConfigurationPlatforms) = postSolution
		{6869493B-81C8-457F-8FE7-4A3AABB6F36C}.Debug|Any CPU.ActiveCfg = Debug|Any CPU
		{6869493B-81C8-457F-8FE7-4A3AABB6F36C}.Debug|Any CPU.Build.0 = Debug|Any CPU
		{6869493B-81C8-457F-8FE7-4A3AABB6F36C}.Release|Any CPU.ActiveCfg = Release|Any CPU
		{6869493B-81C8-457F-8FE7-4A3AABB6F36C}.Release|Any CPU.Build.0 = Release|Any CPU
	EndGlobalSection
	GlobalSection(SolutionProperties) = preSolution
		HideSolutionNode = FALSE
	EndGlobalSection
	GlobalSection(ExtensibilityGlobals) = postSolution
		SolutionGuid = {E6B0DDC6-E1A5-495E-8976-118325DA6D2F}
	EndGlobalSection
EndGlobal
